{
  "version": 4,
  "terraform_version": "1.15.4",
  "serial": 157,
  "lineage": "0c35870a-4460-f380-4bf7-9f9410137572",
  "outputs": {
    "database_names": {
      "value": {
        "streampulse_prod": "PROD_STREAMPULSE_PROD",
        "streampulse_staging": "PROD_STREAMPULSE_STAGING"
      },
      "type": [
        "object",
        {
          "streampulse_prod": "string",
          "streampulse_staging": "string"
        }
      ]
    },
    "resource_monitor_names": {
      "value": {
        "analytics": "PROD_ANALYTICS_MONITOR",
        "dev": "PROD_DEV_MONITOR",
        "loading": "PROD_LOADING_MONITOR"
      },
      "type": [
        "object",
        {
          "analytics": "string",
          "dev": "string",
          "loading": "string"
        }
      ]
    },
    "role_names": {
      "value": {
        "analyst": "PROD_ANALYST",
        "data_admin": "PROD_DATA_ADMIN",
        "developer": "PROD_DEVELOPER",
        "loader": "PROD_LOADER",
        "reporter": "PROD_REPORTER",
        "transformer": "PROD_TRANSFORMER"
      },
      "type": [
        "object",
        {
          "analyst": "string",
          "data_admin": "string",
          "developer": "string",
          "loader": "string",
          "reporter": "string",
          "transformer": "string"
        }
      ]
    },
    "schema_names": {
      "value": {
        "streampulse_prod_analytics": "ANALYTICS",
        "streampulse_prod_marts": "MARTS",
        "streampulse_prod_raw": "RAW",
        "streampulse_prod_staging": "STAGING",
        "streampulse_staging_analytics": "ANALYTICS",
        "streampulse_staging_marts": "MARTS",
        "streampulse_staging_raw": "RAW",
        "streampulse_staging_staging": "STAGING"
      },
      "type": [
        "object",
        {
          "streampulse_prod_analytics": "string",
          "streampulse_prod_marts": "string",
          "streampulse_prod_raw": "string",
          "streampulse_prod_staging": "string",
          "streampulse_staging_analytics": "string",
          "streampulse_staging_marts": "string",
          "streampulse_staging_raw": "string",
          "streampulse_staging_staging": "string"
        }
      ]
    },
    "warehouse_names": {
      "value": {
        "analytics": "PROD_ANALYTICS_WH",
        "dev": "PROD_DEV_WH",
        "loading": "PROD_LOADING_WH",
        "reporting": "PROD_REPORTING_WH",
        "transform": "PROD_TRANSFORM_WH"
      },
      "type": [
        "object",
        {
          "analytics": "string",
          "dev": "string",
          "loading": "string",
          "reporting": "string",
          "transform": "string"
        }
      ]
    }
  },
  "resources": [
    {
      "mode": "managed",
      "type": "snowflake_account_role",
      "name": "this",
      "provider": "provider[\"registry.terraform.io/snowflake-labs/snowflake\"]",
      "instances": [
        {
          "index_key": "analyst",
          "schema_version": 0,
          "attributes": {
            "comment": "Terraform managed role",
            "fully_qualified_name": "\"PROD_ANALYST\"",
            "id": "PROD_ANALYST",
            "name": "PROD_ANALYST",
            "show_output": [
              {
                "assigned_to_users": 0,
                "comment": "Terraform managed role",
                "created_on": "2026-05-25 15:32:40.784 +0000 UTC",
                "granted_roles": 0,
                "granted_to_roles": 0,
                "is_current": false,
                "is_default": false,
                "is_inherited": false,
                "name": "PROD_ANALYST",
                "owner": "ACCOUNTADMIN"
              }
            ]
          },
          "sensitive_attributes": [],
          "identity_schema_version": 0,
          "private": "bnVsbA=="
        },
        {
          "index_key": "data_admin",
          "schema_version": 0,
          "attributes": {
            "comment": "Terraform managed role",
            "fully_qualified_name": "\"PROD_DATA_ADMIN\"",
            "id": "PROD_DATA_ADMIN",
            "name": "PROD_DATA_ADMIN",
            "show_output": [
              {
                "assigned_to_users": 0,
                "comment": "Terraform managed role",
                "created_on": "2026-05-25 15:32:40.284 +0000 UTC",
                "granted_roles": 0,
                "granted_to_roles": 0,
                "is_current": false,
                "is_default": false,
                "is_inherited": false,
                "name": "PROD_DATA_ADMIN",
                "owner": "ACCOUNTADMIN"
              }
            ]
          },
          "sensitive_attributes": [],
          "identity_schema_version": 0,
          "private": "bnVsbA=="
        },
        {
          "index_key": "developer",
          "schema_version": 0,
          "attributes": {
            "comment": "Terraform managed role",
            "fully_qualified_name": "\"PROD_DEVELOPER\"",
            "id": "PROD_DEVELOPER",
            "name": "PROD_DEVELOPER",
            "show_output": [
              {
                "assigned_to_users": 0,
                "comment": "Terraform managed role",
                "created_on": "2026-05-25 15:32:39.963 +0000 UTC",
                "granted_roles": 0,
                "granted_to_roles": 0,
                "is_current": false,
                "is_default": false,
                "is_inherited": false,
                "name": "PROD_DEVELOPER",
                "owner": "ACCOUNTADMIN"
              }
            ]
          },
          "sensitive_attributes": [],
          "identity_schema_version": 0,
          "private": "bnVsbA=="
        },
        {
          "index_key": "loader",
          "schema_version": 0,
          "attributes": {
            "comment": "Terraform managed role",
            "fully_qualified_name": "\"PROD_LOADER\"",
            "id": "PROD_LOADER",
            "name": "PROD_LOADER",
            "show_output": [
              {
                "assigned_to_users": 0,
                "comment": "Terraform managed role",
                "created_on": "2026-05-25 15:32:40.153 +0000 UTC",
                "granted_roles": 0,
                "granted_to_roles": 0,
                "is_current": false,
                "is_default": false,
                "is_inherited": false,
                "name": "PROD_LOADER",
                "owner": "ACCOUNTADMIN"
              }
            ]
          },
          "sensitive_attributes": [],
          "identity_schema_version": 0,
          "private": "bnVsbA=="
        },
        {
          "index_key": "reporter",
          "schema_version": 0,
          "attributes": {
            "comment": "Terraform managed role",
            "fully_qualified_name": "\"PROD_REPORTER\"",
            "id": "PROD_REPORTER",
            "name": "PROD_REPORTER",
            "show_output": [
              {
                "assigned_to_users": 0,
                "comment": "Terraform managed role",
                "created_on": "2026-05-25 15:32:39.99 +0000 UTC",
                "granted_roles": 0,
                "granted_to_roles": 0,
                "is_current": false,
                "is_default": false,
                "is_inherited": false,
                "name": "PROD_REPORTER",
                "owner": "ACCOUNTADMIN"
              }
            ]
          },
          "sensitive_attributes": [],
          "identity_schema_version": 0,
          "private": "bnVsbA=="
        },
        {
          "index_key": "transformer",
          "schema_version": 0,
          "attributes": {
            "comment": "Terraform managed role",
            "fully_qualified_name": "\"PROD_TRANSFORMER\"",
            "id": "PROD_TRANSFORMER",
            "name": "PROD_TRANSFORMER",
            "show_output": [
              {
                "assigned_to_users": 0,
                "comment": "Terraform managed role",
                "created_on": "2026-05-25 15:32:40.864 +0000 UTC",
                "granted_roles": 0,
                "granted_to_roles": 0,
                "is_current": false,
                "is_default": false,
                "is_inherited": false,
                "name": "PROD_TRANSFORMER",
                "owner": "ACCOUNTADMIN"
              }
            ]
          },
          "sensitive_attributes": [],
          "identity_schema_version": 0,
          "private": "bnVsbA=="
        }
      ]
    },
    {
      "mode": "managed",
      "type": "snowflake_database",
      "name": "this",
      "provider": "provider[\"registry.terraform.io/snowflake-labs/snowflake\"]",
      "instances": [
        {
          "index_key": "streampulse_prod",
          "schema_version": 1,
          "attributes": {
            "catalog": "",
            "comment": "Terraform managed database",
            "data_retention_time_in_days": 1,
            "default_ddl_collation": "",
            "drop_public_schema_on_creation": null,
            "enable_console_output": false,
            "external_volume": "",
            "fully_qualified_name": "\"PROD_STREAMPULSE_PROD\"",
            "id": "PROD_STREAMPULSE_PROD",
            "is_transient": false,
            "log_level": "OFF",
            "max_data_extension_time_in_days": 14,
            "name": "PROD_STREAMPULSE_PROD",
            "quoted_identifiers_ignore_case": false,
            "replace_invalid_characters": false,
            "replication": [],
            "storage_serialization_policy": "OPTIMIZED",
            "suspend_task_after_num_failures": 10,
            "task_auto_retry_attempts": 0,
            "trace_level": "OFF",
            "user_task_managed_initial_warehouse_size": "Medium",
            "user_task_minimum_trigger_interval_in_seconds": 30,
            "user_task_timeout_ms": 3600000
          },
          "sensitive_attributes": [],
          "identity_schema_version": 0,
          "private": "eyJzY2hlbWFfdmVyc2lvbiI6IjEifQ=="
        },
        {
          "index_key": "streampulse_staging",
          "schema_version": 1,
          "attributes": {
            "catalog": "",
            "comment": "Terraform managed database",
            "data_retention_time_in_days": 1,
            "default_ddl_collation": "",
            "drop_public_schema_on_creation": null,
            "enable_console_output": false,
            "external_volume": "",
            "fully_qualified_name": "\"PROD_STREAMPULSE_STAGING\"",
            "id": "PROD_STREAMPULSE_STAGING",
            "is_transient": false,
            "log_level": "OFF",
            "max_data_extension_time_in_days": 14,
            "name": "PROD_STREAMPULSE_STAGING",
            "quoted_identifiers_ignore_case": false,
            "replace_invalid_characters": false,
            "replication": [],
            "storage_serialization_policy": "OPTIMIZED",
            "suspend_task_after_num_failures": 10,
            "task_auto_retry_attempts": 0,
            "trace_level": "OFF",
            "user_task_managed_initial_warehouse_size": "Medium",
            "user_task_minimum_trigger_interval_in_seconds": 30,
            "user_task_timeout_ms": 3600000
          },
          "sensitive_attributes": [],
          "identity_schema_version": 0,
          "private": "eyJzY2hlbWFfdmVyc2lvbiI6IjEifQ=="
        }
      ]
    },
    {
      "mode": "managed",
      "type": "snowflake_grant_account_role",
      "name": "accountadmin_to_data_admin",
      "provider": "provider[\"registry.terraform.io/snowflake-labs/snowflake\"]",
      "instances": [
        {
          "schema_version": 0,
          "attributes": {
            "id": "\"PROD_DATA_ADMIN\"|ROLE|\"ACCOUNTADMIN\"",
            "parent_role_name": "ACCOUNTADMIN",
            "role_name": "PROD_DATA_ADMIN",
            "user_name": null
          },
          "sensitive_attributes": [],
          "identity_schema_version": 0,
          "private": "bnVsbA==",
          "dependencies": [
            "snowflake_account_role.this"
          ]
        }
      ]
    },
    {
      "mode": "managed",
      "type": "snowflake_grant_account_role",
      "name": "analyst_to_reporter",
      "provider": "provider[\"registry.terraform.io/snowflake-labs/snowflake\"]",
      "instances": [
        {
          "schema_version": 0,
          "attributes": {
            "id": "\"PROD_REPORTER\"|ROLE|\"PROD_ANALYST\"",
            "parent_role_name": "PROD_ANALYST",
            "role_name": "PROD_REPORTER",
            "user_name": null
          },
          "sensitive_attributes": [],
          "identity_schema_version": 0,
          "private": "bnVsbA==",
          "dependencies": [
            "snowflake_account_role.this"
          ]
        }
      ]
    },
    {
      "mode": "managed",
      "type": "snowflake_grant_account_role",
      "name": "data_admin_to_analyst",
      "provider": "provider[\"registry.terraform.io/snowflake-labs/snowflake\"]",
      "instances": [
        {
          "schema_version": 0,
          "attributes": {
            "id": "\"PROD_ANALYST\"|ROLE|\"PROD_DATA_ADMIN\"",
            "parent_role_name": "PROD_DATA_ADMIN",
            "role_name": "PROD_ANALYST",
            "user_name": null
          },
          "sensitive_attributes": [],
          "identity_schema_version": 0,
          "private": "bnVsbA==",
          "dependencies": [
            "snowflake_account_role.this"
          ]
        }
      ]
    },
    {
      "mode": "managed",
      "type": "snowflake_grant_account_role",
      "name": "data_admin_to_transformer",
      "provider": "provider[\"registry.terraform.io/snowflake-labs/snowflake\"]",
      "instances": [
        {
          "schema_version": 0,
          "attributes": {
            "id": "\"PROD_TRANSFORMER\"|ROLE|\"PROD_DATA_ADMIN\"",
            "parent_role_name": "PROD_DATA_ADMIN",
            "role_name": "PROD_TRANSFORMER",
            "user_name": null
          },
          "sensitive_attributes": [],
          "identity_schema_version": 0,
          "private": "bnVsbA==",
          "dependencies": [
            "snowflake_account_role.this"
          ]
        }
      ]
    },
    {
      "mode": "managed",
      "type": "snowflake_grant_account_role",
      "name": "transformer_to_loader",
      "provider": "provider[\"registry.terraform.io/snowflake-labs/snowflake\"]",
      "instances": [
        {
          "schema_version": 0,
          "attributes": {
            "id": "\"PROD_LOADER\"|ROLE|\"PROD_TRANSFORMER\"",
            "parent_role_name": "PROD_TRANSFORMER",
            "role_name": "PROD_LOADER",
            "user_name": null
          },
          "sensitive_attributes": [],
          "identity_schema_version": 0,
          "private": "bnVsbA==",
          "dependencies": [
            "snowflake_account_role.this"
          ]
        }
      ]
    },
    {
      "mode": "managed",
      "type": "snowflake_grant_privileges_to_account_role",
      "name": "analyst_schema",
      "provider": "provider[\"registry.terraform.io/snowflake-labs/snowflake\"]",
      "instances": [
        {
          "index_key": "streampulse_prod_analytics",
          "schema_version": 0,
          "attributes": {
            "account_role_name": "PROD_ANALYST",
            "all_privileges": false,
            "always_apply": false,
            "always_apply_trigger": null,
            "id": "\"PROD_ANALYST\"|false|false|USAGE|OnSchema|OnSchema|\"PROD_STREAMPULSE_PROD\".\"ANALYTICS\"",
            "on_account": false,
            "on_account_object": [],
            "on_schema": [
              {
                "all_schemas_in_database": "",
                "future_schemas_in_database": "",
                "schema_name": "PROD_STREAMPULSE_PROD.ANALYTICS"
              }
            ],
            "on_schema_object": [],
            "privileges": [
              "USAGE"
            ],
            "with_grant_option": false
          },
          "sensitive_attributes": [],
          "identity_schema_version": 0,
          "private": "bnVsbA==",
          "dependencies": [
            "snowflake_account_role.this",
            "snowflake_database.this",
            "snowflake_schema.this"
          ]
        },
        {
          "index_key": "streampulse_prod_marts",
          "schema_version": 0,
          "attributes": {
            "account_role_name": "PROD_ANALYST",
            "all_privileges": false,
            "always_apply": false,
            "always_apply_trigger": null,
            "id": "\"PROD_ANALYST\"|false|false|USAGE|OnSchema|OnSchema|\"PROD_STREAMPULSE_PROD\".\"MARTS\"",
            "on_account": false,
            "on_account_object": [],
            "on_schema": [
              {
                "all_schemas_in_database": "",
                "future_schemas_in_database": "",
                "schema_name": "PROD_STREAMPULSE_PROD.MARTS"
              }
            ],
            "on_schema_object": [],
            "privileges": [
              "USAGE"
            ],
            "with_grant_option": false
          },
          "sensitive_attributes": [],
          "identity_schema_version": 0,
          "private": "bnVsbA==",
          "dependencies": [
            "snowflake_account_role.this",
            "snowflake_database.this",
            "snowflake_schema.this"
          ]
        },
        {
          "index_key": "streampulse_staging_analytics",
          "schema_version": 0,
          "attributes": {
            "account_role_name": "PROD_ANALYST",
            "all_privileges": false,
            "always_apply": false,
            "always_apply_trigger": null,
            "id": "\"PROD_ANALYST\"|false|false|USAGE|OnSchema|OnSchema|\"PROD_STREAMPULSE_STAGING\".\"ANALYTICS\"",
            "on_account": false,
            "on_account_object": [],
            "on_schema": [
              {
                "all_schemas_in_database": "",
                "future_schemas_in_database": "",
                "schema_name": "PROD_STREAMPULSE_STAGING.ANALYTICS"
              }
            ],
            "on_schema_object": [],
            "privileges": [
              "USAGE"
            ],
            "with_grant_option": false
          },
          "sensitive_attributes": [],
          "identity_schema_version": 0,
          "private": "bnVsbA==",
          "dependencies": [
            "snowflake_account_role.this",
            "snowflake_database.this",
            "snowflake_schema.this"
          ]
        },
        {
          "index_key": "streampulse_staging_marts",
          "schema_version": 0,
          "attributes": {
            "account_role_name": "PROD_ANALYST",
            "all_privileges": false,
            "always_apply": false,
            "always_apply_trigger": null,
            "id": "\"PROD_ANALYST\"|false|false|USAGE|OnSchema|OnSchema|\"PROD_STREAMPULSE_STAGING\".\"MARTS\"",
            "on_account": false,
            "on_account_object": [],
            "on_schema": [
              {
                "all_schemas_in_database": "",
                "future_schemas_in_database": "",
                "schema_name": "PROD_STREAMPULSE_STAGING.MARTS"
              }
            ],
            "on_schema_object": [],
            "privileges": [
              "USAGE"
            ],
            "with_grant_option": false
          },
          "sensitive_attributes": [],
          "identity_schema_version": 0,
          "private": "bnVsbA==",
          "dependencies": [
            "snowflake_account_role.this",
            "snowflake_database.this",
            "snowflake_schema.this"
          ]
        }
      ]
    },
    {
      "mode": "managed",
      "type": "snowflake_grant_privileges_to_account_role",
      "name": "analytics_wh",
      "provider": "provider[\"registry.terraform.io/snowflake-labs/snowflake\"]",
      "instances": [
        {
          "schema_version": 0,
          "attributes": {
            "account_role_name": "PROD_ANALYST",
            "all_privileges": false,
            "always_apply": false,
            "always_apply_trigger": null,
            "id": "\"PROD_ANALYST\"|false|false|USAGE|OnAccountObject|WAREHOUSE|\"PROD_ANALYTICS_WH\"",
            "on_account": false,
            "on_account_object": [
              {
                "object_name": "PROD_ANALYTICS_WH",
                "object_type": "WAREHOUSE"
              }
            ],
            "on_schema": [],
            "on_schema_object": [],
            "privileges": [
              "USAGE"
            ],
            "with_grant_option": false
          },
          "sensitive_attributes": [],
          "identity_schema_version": 0,
          "private": "bnVsbA==",
          "dependencies": [
            "snowflake_account_role.this",
            "snowflake_resource_monitor.this",
            "snowflake_warehouse.this"
          ]
        }
      ]
    },
    {
      "mode": "managed",
      "type": "snowflake_grant_privileges_to_account_role",
      "name": "data_admin_all",
      "provider": "provider[\"registry.terraform.io/snowflake-labs/snowflake\"]",
      "instances": [
        {
          "index_key": "streampulse_prod_analytics",
          "schema_version": 0,
          "attributes": {
            "account_role_name": "PROD_DATA_ADMIN",
            "all_privileges": false,
            "always_apply": false,
            "always_apply_trigger": null,
            "id": "\"PROD_DATA_ADMIN\"|false|false|ALL PRIVILEGES|OnSchema|OnSchema|\"PROD_STREAMPULSE_PROD\".\"ANALYTICS\"",
            "on_account": false,
            "on_account_object": [],
            "on_schema": [
              {
                "all_schemas_in_database": "",
                "future_schemas_in_database": "",
                "schema_name": "PROD_STREAMPULSE_PROD.ANALYTICS"
              }
            ],
            "on_schema_object": [],
            "privileges": [
              "ALL PRIVILEGES"
            ],
            "with_grant_option": false
          },
          "sensitive_attributes": [],
          "identity_schema_version": 0,
          "private": "bnVsbA==",
          "dependencies": [
            "snowflake_account_role.this",
            "snowflake_database.this",
            "snowflake_schema.this"
          ]
        },
        {
          "index_key": "streampulse_prod_marts",
          "schema_version": 0,
          "attributes": {
            "account_role_name": "PROD_DATA_ADMIN",
            "all_privileges": false,
            "always_apply": false,
            "always_apply_trigger": null,
            "id": "\"PROD_DATA_ADMIN\"|false|false|ALL PRIVILEGES|OnSchema|OnSchema|\"PROD_STREAMPULSE_PROD\".\"MARTS\"",
            "on_account": false,
            "on_account_object": [],
            "on_schema": [
              {
                "all_schemas_in_database": "",
                "future_schemas_in_database": "",
                "schema_name": "PROD_STREAMPULSE_PROD.MARTS"
              }
            ],
            "on_schema_object": [],
            "privileges": [
              "ALL PRIVILEGES"
            ],
            "with_grant_option": false
          },
          "sensitive_attributes": [],
          "identity_schema_version": 0,
          "private": "bnVsbA==",
          "dependencies": [
            "snowflake_account_role.this",
            "snowflake_database.this",
            "snowflake_schema.this"
          ]
        },
        {
          "index_key": "streampulse_prod_raw",
          "schema_version": 0,
          "attributes": {
            "account_role_name": "PROD_DATA_ADMIN",
            "all_privileges": false,
            "always_apply": false,
            "always_apply_trigger": null,
            "id": "\"PROD_DATA_ADMIN\"|false|false|ALL PRIVILEGES|OnSchema|OnSchema|\"PROD_STREAMPULSE_PROD\".\"RAW\"",
            "on_account": false,
            "on_account_object": [],
            "on_schema": [
              {
                "all_schemas_in_database": "",
                "future_schemas_in_database": "",
                "schema_name": "PROD_STREAMPULSE_PROD.RAW"
              }
            ],
            "on_schema_object": [],
            "privileges": [
              "ALL PRIVILEGES"
            ],
            "with_grant_option": false
          },
          "sensitive_attributes": [],
          "identity_schema_version": 0,
          "private": "bnVsbA==",
          "dependencies": [
            "snowflake_account_role.this",
            "snowflake_database.this",
            "snowflake_schema.this"
          ]
        },
        {
          "index_key": "streampulse_prod_staging",
          "schema_version": 0,
          "attributes": {
            "account_role_name": "PROD_DATA_ADMIN",
            "all_privileges": false,
            "always_apply": false,
            "always_apply_trigger": null,
            "id": "\"PROD_DATA_ADMIN\"|false|false|ALL PRIVILEGES|OnSchema|OnSchema|\"PROD_STREAMPULSE_PROD\".\"STAGING\"",
            "on_account": false,
            "on_account_object": [],
            "on_schema": [
              {
                "all_schemas_in_database": "",
                "future_schemas_in_database": "",
                "schema_name": "PROD_STREAMPULSE_PROD.STAGING"
              }
            ],
            "on_schema_object": [],
            "privileges": [
              "ALL PRIVILEGES"
            ],
            "with_grant_option": false
          },
          "sensitive_attributes": [],
          "identity_schema_version": 0,
          "private": "bnVsbA==",
          "dependencies": [
            "snowflake_account_role.this",
            "snowflake_database.this",
            "snowflake_schema.this"
          ]
        },
        {
          "index_key": "streampulse_staging_analytics",
          "schema_version": 0,
          "attributes": {
            "account_role_name": "PROD_DATA_ADMIN",
            "all_privileges": false,
            "always_apply": false,
            "always_apply_trigger": null,
            "id": "\"PROD_DATA_ADMIN\"|false|false|ALL PRIVILEGES|OnSchema|OnSchema|\"PROD_STREAMPULSE_STAGING\".\"ANALYTICS\"",
            "on_account": false,
            "on_account_object": [],
            "on_schema": [
              {
                "all_schemas_in_database": "",
                "future_schemas_in_database": "",
                "schema_name": "PROD_STREAMPULSE_STAGING.ANALYTICS"
              }
            ],
            "on_schema_object": [],
            "privileges": [
              "ALL PRIVILEGES"
            ],
            "with_grant_option": false
          },
          "sensitive_attributes": [],
          "identity_schema_version": 0,
          "private": "bnVsbA==",
          "dependencies": [
            "snowflake_account_role.this",
            "snowflake_database.this",
            "snowflake_schema.this"
          ]
        },
        {
          "index_key": "streampulse_staging_marts",
          "schema_version": 0,
          "attributes": {
            "account_role_name": "PROD_DATA_ADMIN",
            "all_privileges": false,
            "always_apply": false,
            "always_apply_trigger": null,
            "id": "\"PROD_DATA_ADMIN\"|false|false|ALL PRIVILEGES|OnSchema|OnSchema|\"PROD_STREAMPULSE_STAGING\".\"MARTS\"",
            "on_account": false,
            "on_account_object": [],
            "on_schema": [
              {
                "all_schemas_in_database": "",
                "future_schemas_in_database": "",
                "schema_name": "PROD_STREAMPULSE_STAGING.MARTS"
              }
            ],
            "on_schema_object": [],
            "privileges": [
              "ALL PRIVILEGES"
            ],
            "with_grant_option": false
          },
          "sensitive_attributes": [],
          "identity_schema_version": 0,
          "private": "bnVsbA==",
          "dependencies": [
            "snowflake_account_role.this",
            "snowflake_database.this",
            "snowflake_schema.this"
          ]
        },
        {
          "index_key": "streampulse_staging_raw",
          "schema_version": 0,
          "attributes": {
            "account_role_name": "PROD_DATA_ADMIN",
            "all_privileges": false,
            "always_apply": false,
            "always_apply_trigger": null,
            "id": "\"PROD_DATA_ADMIN\"|false|false|ALL PRIVILEGES|OnSchema|OnSchema|\"PROD_STREAMPULSE_STAGING\".\"RAW\"",
            "on_account": false,
            "on_account_object": [],
            "on_schema": [
              {
                "all_schemas_in_database": "",
                "future_schemas_in_database": "",
                "schema_name": "PROD_STREAMPULSE_STAGING.RAW"
              }
            ],
            "on_schema_object": [],
            "privileges": [
              "ALL PRIVILEGES"
            ],
            "with_grant_option": false
          },
          "sensitive_attributes": [],
          "identity_schema_version": 0,
          "private": "bnVsbA==",
          "dependencies": [
            "snowflake_account_role.this",
            "snowflake_database.this",
            "snowflake_schema.this"
          ]
        },
        {
          "index_key": "streampulse_staging_staging",
          "schema_version": 0,
          "attributes": {
            "account_role_name": "PROD_DATA_ADMIN",
            "all_privileges": false,
            "always_apply": false,
            "always_apply_trigger": null,
            "id": "\"PROD_DATA_ADMIN\"|false|false|ALL PRIVILEGES|OnSchema|OnSchema|\"PROD_STREAMPULSE_STAGING\".\"STAGING\"",
            "on_account": false,
            "on_account_object": [],
            "on_schema": [
              {
                "all_schemas_in_database": "",
                "future_schemas_in_database": "",
                "schema_name": "PROD_STREAMPULSE_STAGING.STAGING"
              }
            ],
            "on_schema_object": [],
            "privileges": [
              "ALL PRIVILEGES"
            ],
            "with_grant_option": false
          },
          "sensitive_attributes": [],
          "identity_schema_version": 0,
          "private": "bnVsbA==",
          "dependencies": [
            "snowflake_account_role.this",
            "snowflake_database.this",
            "snowflake_schema.this"
          ]
        }
      ]
    },
    {
      "mode": "managed",
      "type": "snowflake_grant_privileges_to_account_role",
      "name": "dev_wh",
      "provider": "provider[\"registry.terraform.io/snowflake-labs/snowflake\"]",
      "instances": [
        {
          "schema_version": 0,
          "attributes": {
            "account_role_name": "PROD_DEVELOPER",
            "all_privileges": false,
            "always_apply": false,
            "always_apply_trigger": null,
            "id": "\"PROD_DEVELOPER\"|false|false|USAGE|OnAccountObject|WAREHOUSE|\"PROD_DEV_WH\"",
            "on_account": false,
            "on_account_object": [
              {
                "object_name": "PROD_DEV_WH",
                "object_type": "WAREHOUSE"
              }
            ],
            "on_schema": [],
            "on_schema_object": [],
            "privileges": [
              "USAGE"
            ],
            "with_grant_option": false
          },
          "sensitive_attributes": [],
          "identity_schema_version": 0,
          "private": "bnVsbA==",
          "dependencies": [
            "snowflake_account_role.this",
            "snowflake_resource_monitor.this",
            "snowflake_warehouse.this"
          ]
        }
      ]
    },
    {
      "mode": "managed",
      "type": "snowflake_grant_privileges_to_account_role",
      "name": "loader_raw",
      "provider": "provider[\"registry.terraform.io/snowflake-labs/snowflake\"]",
      "instances": [
        {
          "index_key": "streampulse_prod_raw",
          "schema_version": 0,
          "attributes": {
            "account_role_name": "PROD_LOADER",
            "all_privileges": false,
            "always_apply": false,
            "always_apply_trigger": null,
            "id": "\"PROD_LOADER\"|false|false|CREATE TABLE,USAGE|OnSchema|OnSchema|\"PROD_STREAMPULSE_PROD\".\"RAW\"",
            "on_account": false,
            "on_account_object": [],
            "on_schema": [
              {
                "all_schemas_in_database": "",
                "future_schemas_in_database": "",
                "schema_name": "PROD_STREAMPULSE_PROD.RAW"
              }
            ],
            "on_schema_object": [],
            "privileges": [
              "CREATE TABLE",
              "USAGE"
            ],
            "with_grant_option": false
          },
          "sensitive_attributes": [],
          "identity_schema_version": 0,
          "private": "bnVsbA==",
          "dependencies": [
            "snowflake_account_role.this",
            "snowflake_database.this",
            "snowflake_schema.this"
          ]
        },
        {
          "index_key": "streampulse_staging_raw",
          "schema_version": 0,
          "attributes": {
            "account_role_name": "PROD_LOADER",
            "all_privileges": false,
            "always_apply": false,
            "always_apply_trigger": null,
            "id": "\"PROD_LOADER\"|false|false|CREATE TABLE,USAGE|OnSchema|OnSchema|\"PROD_STREAMPULSE_STAGING\".\"RAW\"",
            "on_account": false,
            "on_account_object": [],
            "on_schema": [
              {
                "all_schemas_in_database": "",
                "future_schemas_in_database": "",
                "schema_name": "PROD_STREAMPULSE_STAGING.RAW"
              }
            ],
            "on_schema_object": [],
            "privileges": [
              "CREATE TABLE",
              "USAGE"
            ],
            "with_grant_option": false
          },
          "sensitive_attributes": [],
          "identity_schema_version": 0,
          "private": "bnVsbA==",
          "dependencies": [
            "snowflake_account_role.this",
            "snowflake_database.this",
            "snowflake_schema.this"
          ]
        }
      ]
    },
    {
      "mode": "managed",
      "type": "snowflake_grant_privileges_to_account_role",
      "name": "loader_wh",
      "provider": "provider[\"registry.terraform.io/snowflake-labs/snowflake\"]",
      "instances": [
        {
          "schema_version": 0,
          "attributes": {
            "account_role_name": "PROD_LOADER",
            "all_privileges": false,
            "always_apply": false,
            "always_apply_trigger": null,
            "id": "\"PROD_LOADER\"|false|false|USAGE|OnAccountObject|WAREHOUSE|\"PROD_LOADING_WH\"",
            "on_account": false,
            "on_account_object": [
              {
                "object_name": "PROD_LOADING_WH",
                "object_type": "WAREHOUSE"
              }
            ],
            "on_schema": [],
            "on_schema_object": [],
            "privileges": [
              "USAGE"
            ],
            "with_grant_option": false
          },
          "sensitive_attributes": [],
          "identity_schema_version": 0,
          "private": "bnVsbA==",
          "dependencies": [
            "snowflake_account_role.this",
            "snowflake_resource_monitor.this",
            "snowflake_warehouse.this"
          ]
        }
      ]
    },
    {
      "mode": "managed",
      "type": "snowflake_grant_privileges_to_account_role",
      "name": "reporting_wh",
      "provider": "provider[\"registry.terraform.io/snowflake-labs/snowflake\"]",
      "instances": [
        {
          "schema_version": 0,
          "attributes": {
            "account_role_name": "PROD_REPORTER",
            "all_privileges": false,
            "always_apply": false,
            "always_apply_trigger": null,
            "id": "\"PROD_REPORTER\"|false|false|USAGE|OnAccountObject|WAREHOUSE|\"PROD_REPORTING_WH\"",
            "on_account": false,
            "on_account_object": [
              {
                "object_name": "PROD_REPORTING_WH",
                "object_type": "WAREHOUSE"
              }
            ],
            "on_schema": [],
            "on_schema_object": [],
            "privileges": [
              "USAGE"
            ],
            "with_grant_option": false
          },
          "sensitive_attributes": [],
          "identity_schema_version": 0,
          "private": "bnVsbA==",
          "dependencies": [
            "snowflake_account_role.this",
            "snowflake_resource_monitor.this",
            "snowflake_warehouse.this"
          ]
        }
      ]
    },
    {
      "mode": "managed",
      "type": "snowflake_grant_privileges_to_account_role",
      "name": "transform_wh",
      "provider": "provider[\"registry.terraform.io/snowflake-labs/snowflake\"]",
      "instances": [
        {
          "schema_version": 0,
          "attributes": {
            "account_role_name": "PROD_TRANSFORMER",
            "all_privileges": false,
            "always_apply": false,
            "always_apply_trigger": null,
            "id": "\"PROD_TRANSFORMER\"|false|false|USAGE|OnAccountObject|WAREHOUSE|\"PROD_TRANSFORM_WH\"",
            "on_account": false,
            "on_account_object": [
              {
                "object_name": "PROD_TRANSFORM_WH",
                "object_type": "WAREHOUSE"
              }
            ],
            "on_schema": [],
            "on_schema_object": [],
            "privileges": [
              "USAGE"
            ],
            "with_grant_option": false
          },
          "sensitive_attributes": [],
          "identity_schema_version": 0,
          "private": "bnVsbA==",
          "dependencies": [
            "snowflake_account_role.this",
            "snowflake_resource_monitor.this",
            "snowflake_warehouse.this"
          ]
        }
      ]
    },
    {
      "mode": "managed",
      "type": "snowflake_grant_privileges_to_account_role",
      "name": "transformer_schema",
      "provider": "provider[\"registry.terraform.io/snowflake-labs/snowflake\"]",
      "instances": [
        {
          "index_key": "streampulse_prod_analytics",
          "schema_version": 0,
          "attributes": {
            "account_role_name": "PROD_TRANSFORMER",
            "all_privileges": false,
            "always_apply": false,
            "always_apply_trigger": null,
            "id": "\"PROD_TRANSFORMER\"|false|false|USAGE|OnSchema|OnSchema|\"PROD_STREAMPULSE_PROD\".\"ANALYTICS\"",
            "on_account": false,
            "on_account_object": [],
            "on_schema": [
              {
                "all_schemas_in_database": "",
                "future_schemas_in_database": "",
                "schema_name": "PROD_STREAMPULSE_PROD.ANALYTICS"
              }
            ],
            "on_schema_object": [],
            "privileges": [
              "USAGE"
            ],
            "with_grant_option": false
          },
          "sensitive_attributes": [],
          "identity_schema_version": 0,
          "private": "bnVsbA==",
          "dependencies": [
            "snowflake_account_role.this",
            "snowflake_database.this",
            "snowflake_schema.this"
          ]
        },
        {
          "index_key": "streampulse_prod_staging",
          "schema_version": 0,
          "attributes": {
            "account_role_name": "PROD_TRANSFORMER",
            "all_privileges": false,
            "always_apply": false,
            "always_apply_trigger": null,
            "id": "\"PROD_TRANSFORMER\"|false|false|USAGE|OnSchema|OnSchema|\"PROD_STREAMPULSE_PROD\".\"STAGING\"",
            "on_account": false,
            "on_account_object": [],
            "on_schema": [
              {
                "all_schemas_in_database": "",
                "future_schemas_in_database": "",
                "schema_name": "PROD_STREAMPULSE_PROD.STAGING"
              }
            ],
            "on_schema_object": [],
            "privileges": [
              "USAGE"
            ],
            "with_grant_option": false
          },
          "sensitive_attributes": [],
          "identity_schema_version": 0,
          "private": "bnVsbA==",
          "dependencies": [
            "snowflake_account_role.this",
            "snowflake_database.this",
            "snowflake_schema.this"
          ]
        },
        {
          "index_key": "streampulse_staging_analytics",
          "schema_version": 0,
          "attributes": {
            "account_role_name": "PROD_TRANSFORMER",
            "all_privileges": false,
            "always_apply": false,
            "always_apply_trigger": null,
            "id": "\"PROD_TRANSFORMER\"|false|false|USAGE|OnSchema|OnSchema|\"PROD_STREAMPULSE_STAGING\".\"ANALYTICS\"",
            "on_account": false,
            "on_account_object": [],
            "on_schema": [
              {
                "all_schemas_in_database": "",
                "future_schemas_in_database": "",
                "schema_name": "PROD_STREAMPULSE_STAGING.ANALYTICS"
              }
            ],
            "on_schema_object": [],
            "privileges": [
              "USAGE"
            ],
            "with_grant_option": false
          },
          "sensitive_attributes": [],
          "identity_schema_version": 0,
          "private": "bnVsbA==",
          "dependencies": [
            "snowflake_account_role.this",
            "snowflake_database.this",
            "snowflake_schema.this"
          ]
        },
        {
          "index_key": "streampulse_staging_staging",
          "schema_version": 0,
          "attributes": {
            "account_role_name": "PROD_TRANSFORMER",
            "all_privileges": false,
            "always_apply": false,
            "always_apply_trigger": null,
            "id": "\"PROD_TRANSFORMER\"|false|false|USAGE|OnSchema|OnSchema|\"PROD_STREAMPULSE_STAGING\".\"STAGING\"",
            "on_account": false,
            "on_account_object": [],
            "on_schema": [
              {
                "all_schemas_in_database": "",
                "future_schemas_in_database": "",
                "schema_name": "PROD_STREAMPULSE_STAGING.STAGING"
              }
            ],
            "on_schema_object": [],
            "privileges": [
              "USAGE"
            ],
            "with_grant_option": false
          },
          "sensitive_attributes": [],
          "identity_schema_version": 0,
          "private": "bnVsbA==",
          "dependencies": [
            "snowflake_account_role.this",
            "snowflake_database.this",
            "snowflake_schema.this"
          ]
        }
      ]
    },
    {
      "mode": "managed",
      "type": "snowflake_resource_monitor",
      "name": "this",
      "provider": "provider[\"registry.terraform.io/snowflake-labs/snowflake\"]",
      "instances": [
        {
          "index_key": "analytics",
          "schema_version": 0,
          "attributes": {
            "credit_quota": 1000,
            "end_timestamp": null,
            "frequency": "MONTHLY",
            "fully_qualified_name": "\"PROD_ANALYTICS_MONITOR\"",
            "id": "PROD_ANALYTICS_MONITOR",
            "name": "PROD_ANALYTICS_MONITOR",
            "notify_triggers": [
              75,
              90
            ],
            "notify_users": null,
            "show_output": [
              {
                "comment": "",
                "created_on": "2026-05-25 15:32:40.151 +0000 UTC",
                "credit_quota": 1000,
                "end_time": "",
                "frequency": "MONTHLY",
                "level": "",
                "name": "PROD_ANALYTICS_MONITOR",
                "owner": "ACCOUNTADMIN",
                "remaining_credits": 1000,
                "start_time": "2026-05-25T15:32:40.158Z",
                "suspend_at": 100,
                "suspend_immediate_at": 0,
                "used_credits": 0
              }
            ],
            "start_timestamp": "IMMEDIATELY",
            "suspend_immediate_trigger": null,
            "suspend_trigger": 100
          },
          "sensitive_attributes": [],
          "identity_schema_version": 0,
          "private": "bnVsbA=="
        },
        {
          "index_key": "dev",
          "schema_version": 0,
          "attributes": {
            "credit_quota": 200,
            "end_timestamp": null,
            "frequency": "MONTHLY",
            "fully_qualified_name": "\"PROD_DEV_MONITOR\"",
            "id": "PROD_DEV_MONITOR",
            "name": "PROD_DEV_MONITOR",
            "notify_triggers": [
              75,
              90
            ],
            "notify_users": null,
            "show_output": [
              {
                "comment": "",
                "created_on": "2026-05-25 15:32:40.825 +0000 UTC",
                "credit_quota": 200,
                "end_time": "",
                "frequency": "MONTHLY",
                "level": "",
                "name": "PROD_DEV_MONITOR",
                "owner": "ACCOUNTADMIN",
                "remaining_credits": 200,
                "start_time": "2026-05-25T15:32:40.838Z",
                "suspend_at": 100,
                "suspend_immediate_at": 0,
                "used_credits": 0
              }
            ],
            "start_timestamp": "IMMEDIATELY",
            "suspend_immediate_trigger": null,
            "suspend_trigger": 100
          },
          "sensitive_attributes": [],
          "identity_schema_version": 0,
          "private": "bnVsbA=="
        },
        {
          "index_key": "loading",
          "schema_version": 0,
          "attributes": {
            "credit_quota": 500,
            "end_timestamp": null,
            "frequency": "MONTHLY",
            "fully_qualified_name": "\"PROD_LOADING_MONITOR\"",
            "id": "PROD_LOADING_MONITOR",
            "name": "PROD_LOADING_MONITOR",
            "notify_triggers": [
              75,
              90
            ],
            "notify_users": null,
            "show_output": [
              {
                "comment": "",
                "created_on": "2026-05-25 15:32:40.152 +0000 UTC",
                "credit_quota": 500,
                "end_time": "",
                "frequency": "MONTHLY",
                "level": "",
                "name": "PROD_LOADING_MONITOR",
                "owner": "ACCOUNTADMIN",
                "remaining_credits": 500,
                "start_time": "2026-05-25T15:32:40.164Z",
                "suspend_at": 100,
                "suspend_immediate_at": 0,
                "used_credits": 0
              }
            ],
            "start_timestamp": "IMMEDIATELY",
            "suspend_immediate_trigger": null,
            "suspend_trigger": 100
          },
          "sensitive_attributes": [],
          "identity_schema_version": 0,
          "private": "bnVsbA=="
        }
      ]
    },
    {
      "mode": "managed",
      "type": "snowflake_schema",
      "name": "this",
      "provider": "provider[\"registry.terraform.io/snowflake-labs/snowflake\"]",
      "instances": [
        {
          "index_key": "streampulse_prod_analytics",
          "schema_version": 2,
          "attributes": {
            "catalog": "",
            "comment": "Terraform managed schema",
            "data_retention_time_in_days": 1,
            "database": "PROD_STREAMPULSE_PROD",
            "default_ddl_collation": "",
            "describe_output": [],
            "enable_console_output": false,
            "external_volume": "",
            "fully_qualified_name": "\"PROD_STREAMPULSE_PROD\".\"ANALYTICS\"",
            "id": "\"PROD_STREAMPULSE_PROD\".\"ANALYTICS\"",
            "is_transient": "default",
            "log_level": "OFF",
            "max_data_extension_time_in_days": 14,
            "name": "ANALYTICS",
            "parameters": [
              {
                "catalog": [
                  {
                    "default": "",
                    "description": "Name of the catalog integration to use for iceberg tables",
                    "key": "CATALOG",
                    "level": "",
                    "value": ""
                  }
                ],
                "data_retention_time_in_days": [
                  {
                    "default": "1",
                    "description": "number of days to retain the old version of deleted/updated data",
                    "key": "DATA_RETENTION_TIME_IN_DAYS",
                    "level": "DATABASE",
                    "value": "1"
                  }
                ],
                "default_ddl_collation": [
                  {
                    "default": "",
                    "description": "Collation that is used for all the new columns created by the DDL statements (if not specified)",
                    "key": "DEFAULT_DDL_COLLATION",
                    "level": "",
                    "value": ""
                  }
                ],
                "enable_console_output": [
                  {
                    "default": "false",
                    "description": "Enable stdout/stderr fast path logging for anonyous stored procs. This is a public parameter (similar to LOG_LEVEL).",
                    "key": "ENABLE_CONSOLE_OUTPUT",
                    "level": "",
                    "value": "false"
                  }
                ],
                "external_volume": [
                  {
                    "default": "",
                    "description": "Name of an external volume that will be used for persisted Iceberg metadata and data files.",
                    "key": "EXTERNAL_VOLUME",
                    "level": "",
                    "value": ""
                  }
                ],
                "log_level": [
                  {
                    "default": "OFF",
                    "description": "LOG_LEVEL to use when filtering events",
                    "key": "LOG_LEVEL",
                    "level": "",
                    "value": "OFF"
                  }
                ],
                "max_data_extension_time_in_days": [
                  {
                    "default": "14",
                    "description": "Maximum number of days to extend data retention beyond the retention period to prevent a stream becoming stale.",
                    "key": "MAX_DATA_EXTENSION_TIME_IN_DAYS",
                    "level": "",
                    "value": "14"
                  }
                ],
                "pipe_execution_paused": [
                  {
                    "default": "false",
                    "description": "Pause processing of files for a pipe",
                    "key": "PIPE_EXECUTION_PAUSED",
                    "level": "",
                    "value": "false"
                  }
                ],
                "quoted_identifiers_ignore_case": [
                  {
                    "default": "false",
                    "description": "If true, the case of quoted identifiers is ignored",
                    "key": "QUOTED_IDENTIFIERS_IGNORE_CASE",
                    "level": "",
                    "value": "false"
                  }
                ],
                "replace_invalid_characters": [
                  {
                    "default": "false",
                    "description": "Replace invalid UTF-8 characters found in Iceberg table external data files with the Unicode replacement character",
                    "key": "REPLACE_INVALID_CHARACTERS",
                    "level": "",
                    "value": "false"
                  }
                ],
                "storage_serialization_policy": [
                  {
                    "default": "OPTIMIZED",
                    "description": "Storage serialization policy used for managed Iceberg table. This include encodings and compressions",
                    "key": "STORAGE_SERIALIZATION_POLICY",
                    "level": "",
                    "value": "OPTIMIZED"
                  }
                ],
                "suspend_task_after_num_failures": [
                  {
                    "default": "10",
                    "description": "How many times a task must fail in a row before it is automatically suspended. 0 disables auto-suspending.",
                    "key": "SUSPEND_TASK_AFTER_NUM_FAILURES",
                    "level": "",
                    "value": "10"
                  }
                ],
                "task_auto_retry_attempts": [
                  {
                    "default": "0",
                    "description": "Maximum Automatic Retries Allowed For A User Task",
                    "key": "TASK_AUTO_RETRY_ATTEMPTS",
                    "level": "",
                    "value": "0"
                  }
                ],
                "trace_level": [
                  {
                    "default": "OFF",
                    "description": "Trace level value to use when generating/filtering trace events",
                    "key": "TRACE_LEVEL",
                    "level": "",
                    "value": "OFF"
                  }
                ],
                "user_task_managed_initial_warehouse_size": [
                  {
                    "default": "Medium",
                    "description": "The initial size of warehouse to use for managed warehouses in the absence of history",
                    "key": "USER_TASK_MANAGED_INITIAL_WAREHOUSE_SIZE",
                    "level": "",
                    "value": "Medium"
                  }
                ],
                "user_task_minimum_trigger_interval_in_seconds": [
                  {
                    "default": "30",
                    "description": "Minimum amount of time between Triggered Task executions in seconds",
                    "key": "USER_TASK_MINIMUM_TRIGGER_INTERVAL_IN_SECONDS",
                    "level": "",
                    "value": "30"
                  }
                ],
                "user_task_timeout_ms": [
                  {
                    "default": "3600000",
                    "description": "User task execution timeout in milliseconds",
                    "key": "USER_TASK_TIMEOUT_MS",
                    "level": "",
                    "value": "3600000"
                  }
                ]
              }
            ],
            "pipe_execution_paused": false,
            "quoted_identifiers_ignore_case": false,
            "replace_invalid_characters": false,
            "show_output": [
              {
                "comment": "Terraform managed schema",
                "created_on": "2026-05-25 15:32:41.728 +0000 UTC",
                "database_name": "PROD_STREAMPULSE_PROD",
                "dropped_on": "0001-01-01 00:00:00 +0000 UTC",
                "is_current": true,
                "is_default": false,
                "name": "ANALYTICS",
                "options": "",
                "owner": "ACCOUNTADMIN",
                "owner_role_type": "ROLE",
                "retention_time": "1"
              }
            ],
            "storage_serialization_policy": "OPTIMIZED",
            "suspend_task_after_num_failures": 10,
            "task_auto_retry_attempts": 0,
            "trace_level": "OFF",
            "user_task_managed_initial_warehouse_size": "Medium",
            "user_task_minimum_trigger_interval_in_seconds": 30,
            "user_task_timeout_ms": 3600000,
            "with_managed_access": "default"
          },
          "sensitive_attributes": [],
          "identity_schema_version": 0,
          "private": "eyJzY2hlbWFfdmVyc2lvbiI6IjIifQ==",
          "dependencies": [
            "snowflake_database.this"
          ]
        },
        {
          "index_key": "streampulse_prod_marts",
          "schema_version": 2,
          "attributes": {
            "catalog": "",
            "comment": "Terraform managed schema",
            "data_retention_time_in_days": 1,
            "database": "PROD_STREAMPULSE_PROD",
            "default_ddl_collation": "",
            "describe_output": [],
            "enable_console_output": false,
            "external_volume": "",
            "fully_qualified_name": "\"PROD_STREAMPULSE_PROD\".\"MARTS\"",
            "id": "\"PROD_STREAMPULSE_PROD\".\"MARTS\"",
            "is_transient": "default",
            "log_level": "OFF",
            "max_data_extension_time_in_days": 14,
            "name": "MARTS",
            "parameters": [
              {
                "catalog": [
                  {
                    "default": "",
                    "description": "Name of the catalog integration to use for iceberg tables",
                    "key": "CATALOG",
                    "level": "",
                    "value": ""
                  }
                ],
                "data_retention_time_in_days": [
                  {
                    "default": "1",
                    "description": "number of days to retain the old version of deleted/updated data",
                    "key": "DATA_RETENTION_TIME_IN_DAYS",
                    "level": "DATABASE",
                    "value": "1"
                  }
                ],
                "default_ddl_collation": [
                  {
                    "default": "",
                    "description": "Collation that is used for all the new columns created by the DDL statements (if not specified)",
                    "key": "DEFAULT_DDL_COLLATION",
                    "level": "",
                    "value": ""
                  }
                ],
                "enable_console_output": [
                  {
                    "default": "false",
                    "description": "Enable stdout/stderr fast path logging for anonyous stored procs. This is a public parameter (similar to LOG_LEVEL).",
                    "key": "ENABLE_CONSOLE_OUTPUT",
                    "level": "",
                    "value": "false"
                  }
                ],
                "external_volume": [
                  {
                    "default": "",
                    "description": "Name of an external volume that will be used for persisted Iceberg metadata and data files.",
                    "key": "EXTERNAL_VOLUME",
                    "level": "",
                    "value": ""
                  }
                ],
                "log_level": [
                  {
                    "default": "OFF",
                    "description": "LOG_LEVEL to use when filtering events",
                    "key": "LOG_LEVEL",
                    "level": "",
                    "value": "OFF"
                  }
                ],
                "max_data_extension_time_in_days": [
                  {
                    "default": "14",
                    "description": "Maximum number of days to extend data retention beyond the retention period to prevent a stream becoming stale.",
                    "key": "MAX_DATA_EXTENSION_TIME_IN_DAYS",
                    "level": "",
                    "value": "14"
                  }
                ],
                "pipe_execution_paused": [
                  {
                    "default": "false",
                    "description": "Pause processing of files for a pipe",
                    "key": "PIPE_EXECUTION_PAUSED",
                    "level": "",
                    "value": "false"
                  }
                ],
                "quoted_identifiers_ignore_case": [
                  {
                    "default": "false",
                    "description": "If true, the case of quoted identifiers is ignored",
                    "key": "QUOTED_IDENTIFIERS_IGNORE_CASE",
                    "level": "",
                    "value": "false"
                  }
                ],
                "replace_invalid_characters": [
                  {
                    "default": "false",
                    "description": "Replace invalid UTF-8 characters found in Iceberg table external data files with the Unicode replacement character",
                    "key": "REPLACE_INVALID_CHARACTERS",
                    "level": "",
                    "value": "false"
                  }
                ],
                "storage_serialization_policy": [
                  {
                    "default": "OPTIMIZED",
                    "description": "Storage serialization policy used for managed Iceberg table. This include encodings and compressions",
                    "key": "STORAGE_SERIALIZATION_POLICY",
                    "level": "",
                    "value": "OPTIMIZED"
                  }
                ],
                "suspend_task_after_num_failures": [
                  {
                    "default": "10",
                    "description": "How many times a task must fail in a row before it is automatically suspended. 0 disables auto-suspending.",
                    "key": "SUSPEND_TASK_AFTER_NUM_FAILURES",
                    "level": "",
                    "value": "10"
                  }
                ],
                "task_auto_retry_attempts": [
                  {
                    "default": "0",
                    "description": "Maximum Automatic Retries Allowed For A User Task",
                    "key": "TASK_AUTO_RETRY_ATTEMPTS",
                    "level": "",
                    "value": "0"
                  }
                ],
                "trace_level": [
                  {
                    "default": "OFF",
                    "description": "Trace level value to use when generating/filtering trace events",
                    "key": "TRACE_LEVEL",
                    "level": "",
                    "value": "OFF"
                  }
                ],
                "user_task_managed_initial_warehouse_size": [
                  {
                    "default": "Medium",
                    "description": "The initial size of warehouse to use for managed warehouses in the absence of history",
                    "key": "USER_TASK_MANAGED_INITIAL_WAREHOUSE_SIZE",
                    "level": "",
                    "value": "Medium"
                  }
                ],
                "user_task_minimum_trigger_interval_in_seconds": [
                  {
                    "default": "30",
                    "description": "Minimum amount of time between Triggered Task executions in seconds",
                    "key": "USER_TASK_MINIMUM_TRIGGER_INTERVAL_IN_SECONDS",
                    "level": "",
                    "value": "30"
                  }
                ],
                "user_task_timeout_ms": [
                  {
                    "default": "3600000",
                    "description": "User task execution timeout in milliseconds",
                    "key": "USER_TASK_TIMEOUT_MS",
                    "level": "",
                    "value": "3600000"
                  }
                ]
              }
            ],
            "pipe_execution_paused": false,
            "quoted_identifiers_ignore_case": false,
            "replace_invalid_characters": false,
            "show_output": [
              {
                "comment": "Terraform managed schema",
                "created_on": "2026-05-25 15:32:42.161 +0000 UTC",
                "database_name": "PROD_STREAMPULSE_PROD",
                "dropped_on": "0001-01-01 00:00:00 +0000 UTC",
                "is_current": false,
                "is_default": false,
                "name": "MARTS",
                "options": "",
                "owner": "ACCOUNTADMIN",
                "owner_role_type": "ROLE",
                "retention_time": "1"
              }
            ],
            "storage_serialization_policy": "OPTIMIZED",
            "suspend_task_after_num_failures": 10,
            "task_auto_retry_attempts": 0,
            "trace_level": "OFF",
            "user_task_managed_initial_warehouse_size": "Medium",
            "user_task_minimum_trigger_interval_in_seconds": 30,
            "user_task_timeout_ms": 3600000,
            "with_managed_access": "default"
          },
          "sensitive_attributes": [],
          "identity_schema_version": 0,
          "private": "eyJzY2hlbWFfdmVyc2lvbiI6IjIifQ==",
          "dependencies": [
            "snowflake_database.this"
          ]
        },
        {
          "index_key": "streampulse_prod_raw",
          "schema_version": 2,
          "attributes": {
            "catalog": "",
            "comment": "Terraform managed schema",
            "data_retention_time_in_days": 1,
            "database": "PROD_STREAMPULSE_PROD",
            "default_ddl_collation": "",
            "describe_output": [],
            "enable_console_output": false,
            "external_volume": "",
            "fully_qualified_name": "\"PROD_STREAMPULSE_PROD\".\"RAW\"",
            "id": "\"PROD_STREAMPULSE_PROD\".\"RAW\"",
            "is_transient": "default",
            "log_level": "OFF",
            "max_data_extension_time_in_days": 14,
            "name": "RAW",
            "parameters": [
              {
                "catalog": [
                  {
                    "default": "",
                    "description": "Name of the catalog integration to use for iceberg tables",
                    "key": "CATALOG",
                    "level": "",
                    "value": ""
                  }
                ],
                "data_retention_time_in_days": [
                  {
                    "default": "1",
                    "description": "number of days to retain the old version of deleted/updated data",
                    "key": "DATA_RETENTION_TIME_IN_DAYS",
                    "level": "DATABASE",
                    "value": "1"
                  }
                ],
                "default_ddl_collation": [
                  {
                    "default": "",
                    "description": "Collation that is used for all the new columns created by the DDL statements (if not specified)",
                    "key": "DEFAULT_DDL_COLLATION",
                    "level": "",
                    "value": ""
                  }
                ],
                "enable_console_output": [
                  {
                    "default": "false",
                    "description": "Enable stdout/stderr fast path logging for anonyous stored procs. This is a public parameter (similar to LOG_LEVEL).",
                    "key": "ENABLE_CONSOLE_OUTPUT",
                    "level": "",
                    "value": "false"
                  }
                ],
                "external_volume": [
                  {
                    "default": "",
                    "description": "Name of an external volume that will be used for persisted Iceberg metadata and data files.",
                    "key": "EXTERNAL_VOLUME",
                    "level": "",
                    "value": ""
                  }
                ],
                "log_level": [
                  {
                    "default": "OFF",
                    "description": "LOG_LEVEL to use when filtering events",
                    "key": "LOG_LEVEL",
                    "level": "",
                    "value": "OFF"
                  }
                ],
                "max_data_extension_time_in_days": [
                  {
                    "default": "14",
                    "description": "Maximum number of days to extend data retention beyond the retention period to prevent a stream becoming stale.",
                    "key": "MAX_DATA_EXTENSION_TIME_IN_DAYS",
                    "level": "",
                    "value": "14"
                  }
                ],
                "pipe_execution_paused": [
                  {
                    "default": "false",
                    "description": "Pause processing of files for a pipe",
                    "key": "PIPE_EXECUTION_PAUSED",
                    "level": "",
                    "value": "false"
                  }
                ],
                "quoted_identifiers_ignore_case": [
                  {
                    "default": "false",
                    "description": "If true, the case of quoted identifiers is ignored",
                    "key": "QUOTED_IDENTIFIERS_IGNORE_CASE",
                    "level": "",
                    "value": "false"
                  }
                ],
                "replace_invalid_characters": [
                  {
                    "default": "false",
                    "description": "Replace invalid UTF-8 characters found in Iceberg table external data files with the Unicode replacement character",
                    "key": "REPLACE_INVALID_CHARACTERS",
                    "level": "",
                    "value": "false"
                  }
                ],
                "storage_serialization_policy": [
                  {
                    "default": "OPTIMIZED",
                    "description": "Storage serialization policy used for managed Iceberg table. This include encodings and compressions",
                    "key": "STORAGE_SERIALIZATION_POLICY",
                    "level": "",
                    "value": "OPTIMIZED"
                  }
                ],
                "suspend_task_after_num_failures": [
                  {
                    "default": "10",
                    "description": "How many times a task must fail in a row before it is automatically suspended. 0 disables auto-suspending.",
                    "key": "SUSPEND_TASK_AFTER_NUM_FAILURES",
                    "level": "",
                    "value": "10"
                  }
                ],
                "task_auto_retry_attempts": [
                  {
                    "default": "0",
                    "description": "Maximum Automatic Retries Allowed For A User Task",
                    "key": "TASK_AUTO_RETRY_ATTEMPTS",
                    "level": "",
                    "value": "0"
                  }
                ],
                "trace_level": [
                  {
                    "default": "OFF",
                    "description": "Trace level value to use when generating/filtering trace events",
                    "key": "TRACE_LEVEL",
                    "level": "",
                    "value": "OFF"
                  }
                ],
                "user_task_managed_initial_warehouse_size": [
                  {
                    "default": "Medium",
                    "description": "The initial size of warehouse to use for managed warehouses in the absence of history",
                    "key": "USER_TASK_MANAGED_INITIAL_WAREHOUSE_SIZE",
                    "level": "",
                    "value": "Medium"
                  }
                ],
                "user_task_minimum_trigger_interval_in_seconds": [
                  {
                    "default": "30",
                    "description": "Minimum amount of time between Triggered Task executions in seconds",
                    "key": "USER_TASK_MINIMUM_TRIGGER_INTERVAL_IN_SECONDS",
                    "level": "",
                    "value": "30"
                  }
                ],
                "user_task_timeout_ms": [
                  {
                    "default": "3600000",
                    "description": "User task execution timeout in milliseconds",
                    "key": "USER_TASK_TIMEOUT_MS",
                    "level": "",
                    "value": "3600000"
                  }
                ]
              }
            ],
            "pipe_execution_paused": false,
            "quoted_identifiers_ignore_case": false,
            "replace_invalid_characters": false,
            "show_output": [
              {
                "comment": "Terraform managed schema",
                "created_on": "2026-05-25 15:32:41.902 +0000 UTC",
                "database_name": "PROD_STREAMPULSE_PROD",
                "dropped_on": "0001-01-01 00:00:00 +0000 UTC",
                "is_current": true,
                "is_default": false,
                "name": "RAW",
                "options": "",
                "owner": "ACCOUNTADMIN",
                "owner_role_type": "ROLE",
                "retention_time": "1"
              }
            ],
            "storage_serialization_policy": "OPTIMIZED",
            "suspend_task_after_num_failures": 10,
            "task_auto_retry_attempts": 0,
            "trace_level": "OFF",
            "user_task_managed_initial_warehouse_size": "Medium",
            "user_task_minimum_trigger_interval_in_seconds": 30,
            "user_task_timeout_ms": 3600000,
            "with_managed_access": "default"
          },
          "sensitive_attributes": [],
          "identity_schema_version": 0,
          "private": "eyJzY2hlbWFfdmVyc2lvbiI6IjIifQ==",
          "dependencies": [
            "snowflake_database.this"
          ]
        },
        {
          "index_key": "streampulse_prod_staging",
          "schema_version": 2,
          "attributes": {
            "catalog": "",
            "comment": "Terraform managed schema",
            "data_retention_time_in_days": 1,
            "database": "PROD_STREAMPULSE_PROD",
            "default_ddl_collation": "",
            "describe_output": [],
            "enable_console_output": false,
            "external_volume": "",
            "fully_qualified_name": "\"PROD_STREAMPULSE_PROD\".\"STAGING\"",
            "id": "\"PROD_STREAMPULSE_PROD\".\"STAGING\"",
            "is_transient": "default",
            "log_level": "OFF",
            "max_data_extension_time_in_days": 14,
            "name": "STAGING",
            "parameters": [
              {
                "catalog": [
                  {
                    "default": "",
                    "description": "Name of the catalog integration to use for iceberg tables",
                    "key": "CATALOG",
                    "level": "",
                    "value": ""
                  }
                ],
                "data_retention_time_in_days": [
                  {
                    "default": "1",
                    "description": "number of days to retain the old version of deleted/updated data",
                    "key": "DATA_RETENTION_TIME_IN_DAYS",
                    "level": "DATABASE",
                    "value": "1"
                  }
                ],
                "default_ddl_collation": [
                  {
                    "default": "",
                    "description": "Collation that is used for all the new columns created by the DDL statements (if not specified)",
                    "key": "DEFAULT_DDL_COLLATION",
                    "level": "",
                    "value": ""
                  }
                ],
                "enable_console_output": [
                  {
                    "default": "false",
                    "description": "Enable stdout/stderr fast path logging for anonyous stored procs. This is a public parameter (similar to LOG_LEVEL).",
                    "key": "ENABLE_CONSOLE_OUTPUT",
                    "level": "",
                    "value": "false"
                  }
                ],
                "external_volume": [
                  {
                    "default": "",
                    "description": "Name of an external volume that will be used for persisted Iceberg metadata and data files.",
                    "key": "EXTERNAL_VOLUME",
                    "level": "",
                    "value": ""
                  }
                ],
                "log_level": [
                  {
                    "default": "OFF",
                    "description": "LOG_LEVEL to use when filtering events",
                    "key": "LOG_LEVEL",
                    "level": "",
                    "value": "OFF"
                  }
                ],
                "max_data_extension_time_in_days": [
                  {
                    "default": "14",
                    "description": "Maximum number of days to extend data retention beyond the retention period to prevent a stream becoming stale.",
                    "key": "MAX_DATA_EXTENSION_TIME_IN_DAYS",
                    "level": "",
                    "value": "14"
                  }
                ],
                "pipe_execution_paused": [
                  {
                    "default": "false",
                    "description": "Pause processing of files for a pipe",
                    "key": "PIPE_EXECUTION_PAUSED",
                    "level": "",
                    "value": "false"
                  }
                ],
                "quoted_identifiers_ignore_case": [
                  {
                    "default": "false",
                    "description": "If true, the case of quoted identifiers is ignored",
                    "key": "QUOTED_IDENTIFIERS_IGNORE_CASE",
                    "level": "",
                    "value": "false"
                  }
                ],
                "replace_invalid_characters": [
                  {
                    "default": "false",
                    "description": "Replace invalid UTF-8 characters found in Iceberg table external data files with the Unicode replacement character",
                    "key": "REPLACE_INVALID_CHARACTERS",
                    "level": "",
                    "value": "false"
                  }
                ],
                "storage_serialization_policy": [
                  {
                    "default": "OPTIMIZED",
                    "description": "Storage serialization policy used for managed Iceberg table. This include encodings and compressions",
                    "key": "STORAGE_SERIALIZATION_POLICY",
                    "level": "",
                    "value": "OPTIMIZED"
                  }
                ],
                "suspend_task_after_num_failures": [
                  {
                    "default": "10",
                    "description": "How many times a task must fail in a row before it is automatically suspended. 0 disables auto-suspending.",
                    "key": "SUSPEND_TASK_AFTER_NUM_FAILURES",
                    "level": "",
                    "value": "10"
                  }
                ],
                "task_auto_retry_attempts": [
                  {
                    "default": "0",
                    "description": "Maximum Automatic Retries Allowed For A User Task",
                    "key": "TASK_AUTO_RETRY_ATTEMPTS",
                    "level": "",
                    "value": "0"
                  }
                ],
                "trace_level": [
                  {
                    "default": "OFF",
                    "description": "Trace level value to use when generating/filtering trace events",
                    "key": "TRACE_LEVEL",
                    "level": "",
                    "value": "OFF"
                  }
                ],
                "user_task_managed_initial_warehouse_size": [
                  {
                    "default": "Medium",
                    "description": "The initial size of warehouse to use for managed warehouses in the absence of history",
                    "key": "USER_TASK_MANAGED_INITIAL_WAREHOUSE_SIZE",
                    "level": "",
                    "value": "Medium"
                  }
                ],
                "user_task_minimum_trigger_interval_in_seconds": [
                  {
                    "default": "30",
                    "description": "Minimum amount of time between Triggered Task executions in seconds",
                    "key": "USER_TASK_MINIMUM_TRIGGER_INTERVAL_IN_SECONDS",
                    "level": "",
                    "value": "30"
                  }
                ],
                "user_task_timeout_ms": [
                  {
                    "default": "3600000",
                    "description": "User task execution timeout in milliseconds",
                    "key": "USER_TASK_TIMEOUT_MS",
                    "level": "",
                    "value": "3600000"
                  }
                ]
              }
            ],
            "pipe_execution_paused": false,
            "quoted_identifiers_ignore_case": false,
            "replace_invalid_characters": false,
            "show_output": [
              {
                "comment": "Terraform managed schema",
                "created_on": "2026-05-25 15:32:42.171 +0000 UTC",
                "database_name": "PROD_STREAMPULSE_PROD",
                "dropped_on": "0001-01-01 00:00:00 +0000 UTC",
                "is_current": true,
                "is_default": false,
                "name": "STAGING",
                "options": "",
                "owner": "ACCOUNTADMIN",
                "owner_role_type": "ROLE",
                "retention_time": "1"
              }
            ],
            "storage_serialization_policy": "OPTIMIZED",
            "suspend_task_after_num_failures": 10,
            "task_auto_retry_attempts": 0,
            "trace_level": "OFF",
            "user_task_managed_initial_warehouse_size": "Medium",
            "user_task_minimum_trigger_interval_in_seconds": 30,
            "user_task_timeout_ms": 3600000,
            "with_managed_access": "default"
          },
          "sensitive_attributes": [],
          "identity_schema_version": 0,
          "private": "eyJzY2hlbWFfdmVyc2lvbiI6IjIifQ==",
          "dependencies": [
            "snowflake_database.this"
          ]
        },
        {
          "index_key": "streampulse_staging_analytics",
          "schema_version": 2,
          "attributes": {
            "catalog": "",
            "comment": "Terraform managed schema",
            "data_retention_time_in_days": 1,
            "database": "PROD_STREAMPULSE_STAGING",
            "default_ddl_collation": "",
            "describe_output": [],
            "enable_console_output": false,
            "external_volume": "",
            "fully_qualified_name": "\"PROD_STREAMPULSE_STAGING\".\"ANALYTICS\"",
            "id": "\"PROD_STREAMPULSE_STAGING\".\"ANALYTICS\"",
            "is_transient": "default",
            "log_level": "OFF",
            "max_data_extension_time_in_days": 14,
            "name": "ANALYTICS",
            "parameters": [
              {
                "catalog": [
                  {
                    "default": "",
                    "description": "Name of the catalog integration to use for iceberg tables",
                    "key": "CATALOG",
                    "level": "",
                    "value": ""
                  }
                ],
                "data_retention_time_in_days": [
                  {
                    "default": "1",
                    "description": "number of days to retain the old version of deleted/updated data",
                    "key": "DATA_RETENTION_TIME_IN_DAYS",
                    "level": "DATABASE",
                    "value": "1"
                  }
                ],
                "default_ddl_collation": [
                  {
                    "default": "",
                    "description": "Collation that is used for all the new columns created by the DDL statements (if not specified)",
                    "key": "DEFAULT_DDL_COLLATION",
                    "level": "",
                    "value": ""
                  }
                ],
                "enable_console_output": [
                  {
                    "default": "false",
                    "description": "Enable stdout/stderr fast path logging for anonyous stored procs. This is a public parameter (similar to LOG_LEVEL).",
                    "key": "ENABLE_CONSOLE_OUTPUT",
                    "level": "",
                    "value": "false"
                  }
                ],
                "external_volume": [
                  {
                    "default": "",
                    "description": "Name of an external volume that will be used for persisted Iceberg metadata and data files.",
                    "key": "EXTERNAL_VOLUME",
                    "level": "",
                    "value": ""
                  }
                ],
                "log_level": [
                  {
                    "default": "OFF",
                    "description": "LOG_LEVEL to use when filtering events",
                    "key": "LOG_LEVEL",
                    "level": "",
                    "value": "OFF"
                  }
                ],
                "max_data_extension_time_in_days": [
                  {
                    "default": "14",
                    "description": "Maximum number of days to extend data retention beyond the retention period to prevent a stream becoming stale.",
                    "key": "MAX_DATA_EXTENSION_TIME_IN_DAYS",
                    "level": "",
                    "value": "14"
                  }
                ],
                "pipe_execution_paused": [
                  {
                    "default": "false",
                    "description": "Pause processing of files for a pipe",
                    "key": "PIPE_EXECUTION_PAUSED",
                    "level": "",
                    "value": "false"
                  }
                ],
                "quoted_identifiers_ignore_case": [
                  {
                    "default": "false",
                    "description": "If true, the case of quoted identifiers is ignored",
                    "key": "QUOTED_IDENTIFIERS_IGNORE_CASE",
                    "level": "",
                    "value": "false"
                  }
                ],
                "replace_invalid_characters": [
                  {
                    "default": "false",
                    "description": "Replace invalid UTF-8 characters found in Iceberg table external data files with the Unicode replacement character",
                    "key": "REPLACE_INVALID_CHARACTERS",
                    "level": "",
                    "value": "false"
                  }
                ],
                "storage_serialization_policy": [
                  {
                    "default": "OPTIMIZED",
                    "description": "Storage serialization policy used for managed Iceberg table. This include encodings and compressions",
                    "key": "STORAGE_SERIALIZATION_POLICY",
                    "level": "",
                    "value": "OPTIMIZED"
                  }
                ],
                "suspend_task_after_num_failures": [
                  {
                    "default": "10",
                    "description": "How many times a task must fail in a row before it is automatically suspended. 0 disables auto-suspending.",
                    "key": "SUSPEND_TASK_AFTER_NUM_FAILURES",
                    "level": "",
                    "value": "10"
                  }
                ],
                "task_auto_retry_attempts": [
                  {
                    "default": "0",
                    "description": "Maximum Automatic Retries Allowed For A User Task",
                    "key": "TASK_AUTO_RETRY_ATTEMPTS",
                    "level": "",
                    "value": "0"
                  }
                ],
                "trace_level": [
                  {
                    "default": "OFF",
                    "description": "Trace level value to use when generating/filtering trace events",
                    "key": "TRACE_LEVEL",
                    "level": "",
                    "value": "OFF"
                  }
                ],
                "user_task_managed_initial_warehouse_size": [
                  {
                    "default": "Medium",
                    "description": "The initial size of warehouse to use for managed warehouses in the absence of history",
                    "key": "USER_TASK_MANAGED_INITIAL_WAREHOUSE_SIZE",
                    "level": "",
                    "value": "Medium"
                  }
                ],
                "user_task_minimum_trigger_interval_in_seconds": [
                  {
                    "default": "30",
                    "description": "Minimum amount of time between Triggered Task executions in seconds",
                    "key": "USER_TASK_MINIMUM_TRIGGER_INTERVAL_IN_SECONDS",
                    "level": "",
                    "value": "30"
                  }
                ],
                "user_task_timeout_ms": [
                  {
                    "default": "3600000",
                    "description": "User task execution timeout in milliseconds",
                    "key": "USER_TASK_TIMEOUT_MS",
                    "level": "",
                    "value": "3600000"
                  }
                ]
              }
            ],
            "pipe_execution_paused": false,
            "quoted_identifiers_ignore_case": false,
            "replace_invalid_characters": false,
            "show_output": [
              {
                "comment": "Terraform managed schema",
                "created_on": "2026-05-25 15:32:41.75 +0000 UTC",
                "database_name": "PROD_STREAMPULSE_STAGING",
                "dropped_on": "0001-01-01 00:00:00 +0000 UTC",
                "is_current": false,
                "is_default": false,
                "name": "ANALYTICS",
                "options": "",
                "owner": "ACCOUNTADMIN",
                "owner_role_type": "ROLE",
                "retention_time": "1"
              }
            ],
            "storage_serialization_policy": "OPTIMIZED",
            "suspend_task_after_num_failures": 10,
            "task_auto_retry_attempts": 0,
            "trace_level": "OFF",
            "user_task_managed_initial_warehouse_size": "Medium",
            "user_task_minimum_trigger_interval_in_seconds": 30,
            "user_task_timeout_ms": 3600000,
            "with_managed_access": "default"
          },
          "sensitive_attributes": [],
          "identity_schema_version": 0,
          "private": "eyJzY2hlbWFfdmVyc2lvbiI6IjIifQ==",
          "dependencies": [
            "snowflake_database.this"
          ]
        },
        {
          "index_key": "streampulse_staging_marts",
          "schema_version": 2,
          "attributes": {
            "catalog": "",
            "comment": "Terraform managed schema",
            "data_retention_time_in_days": 1,
            "database": "PROD_STREAMPULSE_STAGING",
            "default_ddl_collation": "",
            "describe_output": [],
            "enable_console_output": false,
            "external_volume": "",
            "fully_qualified_name": "\"PROD_STREAMPULSE_STAGING\".\"MARTS\"",
            "id": "\"PROD_STREAMPULSE_STAGING\".\"MARTS\"",
            "is_transient": "default",
            "log_level": "OFF",
            "max_data_extension_time_in_days": 14,
            "name": "MARTS",
            "parameters": [
              {
                "catalog": [
                  {
                    "default": "",
                    "description": "Name of the catalog integration to use for iceberg tables",
                    "key": "CATALOG",
                    "level": "",
                    "value": ""
                  }
                ],
                "data_retention_time_in_days": [
                  {
                    "default": "1",
                    "description": "number of days to retain the old version of deleted/updated data",
                    "key": "DATA_RETENTION_TIME_IN_DAYS",
                    "level": "DATABASE",
                    "value": "1"
                  }
                ],
                "default_ddl_collation": [
                  {
                    "default": "",
                    "description": "Collation that is used for all the new columns created by the DDL statements (if not specified)",
                    "key": "DEFAULT_DDL_COLLATION",
                    "level": "",
                    "value": ""
                  }
                ],
                "enable_console_output": [
                  {
                    "default": "false",
                    "description": "Enable stdout/stderr fast path logging for anonyous stored procs. This is a public parameter (similar to LOG_LEVEL).",
                    "key": "ENABLE_CONSOLE_OUTPUT",
                    "level": "",
                    "value": "false"
                  }
                ],
                "external_volume": [
                  {
                    "default": "",
                    "description": "Name of an external volume that will be used for persisted Iceberg metadata and data files.",
                    "key": "EXTERNAL_VOLUME",
                    "level": "",
                    "value": ""
                  }
                ],
                "log_level": [
                  {
                    "default": "OFF",
                    "description": "LOG_LEVEL to use when filtering events",
                    "key": "LOG_LEVEL",
                    "level": "",
                    "value": "OFF"
                  }
                ],
                "max_data_extension_time_in_days": [
                  {
                    "default": "14",
                    "description": "Maximum number of days to extend data retention beyond the retention period to prevent a stream becoming stale.",
                    "key": "MAX_DATA_EXTENSION_TIME_IN_DAYS",
                    "level": "",
                    "value": "14"
                  }
                ],
                "pipe_execution_paused": [
                  {
                    "default": "false",
                    "description": "Pause processing of files for a pipe",
                    "key": "PIPE_EXECUTION_PAUSED",
                    "level": "",
                    "value": "false"
                  }
                ],
                "quoted_identifiers_ignore_case": [
                  {
                    "default": "false",
                    "description": "If true, the case of quoted identifiers is ignored",
                    "key": "QUOTED_IDENTIFIERS_IGNORE_CASE",
                    "level": "",
                    "value": "false"
                  }
                ],
                "replace_invalid_characters": [
                  {
                    "default": "false",
                    "description": "Replace invalid UTF-8 characters found in Iceberg table external data files with the Unicode replacement character",
                    "key": "REPLACE_INVALID_CHARACTERS",
                    "level": "",
                    "value": "false"
                  }
                ],
                "storage_serialization_policy": [
                  {
                    "default": "OPTIMIZED",
                    "description": "Storage serialization policy used for managed Iceberg table. This include encodings and compressions",
                    "key": "STORAGE_SERIALIZATION_POLICY",
                    "level": "",
                    "value": "OPTIMIZED"
                  }
                ],
                "suspend_task_after_num_failures": [
                  {
                    "default": "10",
                    "description": "How many times a task must fail in a row before it is automatically suspended. 0 disables auto-suspending.",
                    "key": "SUSPEND_TASK_AFTER_NUM_FAILURES",
                    "level": "",
                    "value": "10"
                  }
                ],
                "task_auto_retry_attempts": [
                  {
                    "default": "0",
                    "description": "Maximum Automatic Retries Allowed For A User Task",
                    "key": "TASK_AUTO_RETRY_ATTEMPTS",
                    "level": "",
                    "value": "0"
                  }
                ],
                "trace_level": [
                  {
                    "default": "OFF",
                    "description": "Trace level value to use when generating/filtering trace events",
                    "key": "TRACE_LEVEL",
                    "level": "",
                    "value": "OFF"
                  }
                ],
                "user_task_managed_initial_warehouse_size": [
                  {
                    "default": "Medium",
                    "description": "The initial size of warehouse to use for managed warehouses in the absence of history",
                    "key": "USER_TASK_MANAGED_INITIAL_WAREHOUSE_SIZE",
                    "level": "",
                    "value": "Medium"
                  }
                ],
                "user_task_minimum_trigger_interval_in_seconds": [
                  {
                    "default": "30",
                    "description": "Minimum amount of time between Triggered Task executions in seconds",
                    "key": "USER_TASK_MINIMUM_TRIGGER_INTERVAL_IN_SECONDS",
                    "level": "",
                    "value": "30"
                  }
                ],
                "user_task_timeout_ms": [
                  {
                    "default": "3600000",
                    "description": "User task execution timeout in milliseconds",
                    "key": "USER_TASK_TIMEOUT_MS",
                    "level": "",
                    "value": "3600000"
                  }
                ]
              }
            ],
            "pipe_execution_paused": false,
            "quoted_identifiers_ignore_case": false,
            "replace_invalid_characters": false,
            "show_output": [
              {
                "comment": "Terraform managed schema",
                "created_on": "2026-05-25 15:32:41.802 +0000 UTC",
                "database_name": "PROD_STREAMPULSE_STAGING",
                "dropped_on": "0001-01-01 00:00:00 +0000 UTC",
                "is_current": false,
                "is_default": false,
                "name": "MARTS",
                "options": "",
                "owner": "ACCOUNTADMIN",
                "owner_role_type": "ROLE",
                "retention_time": "1"
              }
            ],
            "storage_serialization_policy": "OPTIMIZED",
            "suspend_task_after_num_failures": 10,
            "task_auto_retry_attempts": 0,
            "trace_level": "OFF",
            "user_task_managed_initial_warehouse_size": "Medium",
            "user_task_minimum_trigger_interval_in_seconds": 30,
            "user_task_timeout_ms": 3600000,
            "with_managed_access": "default"
          },
          "sensitive_attributes": [],
          "identity_schema_version": 0,
          "private": "eyJzY2hlbWFfdmVyc2lvbiI6IjIifQ==",
          "dependencies": [
            "snowflake_database.this"
          ]
        },
        {
          "index_key": "streampulse_staging_raw",
          "schema_version": 2,
          "attributes": {
            "catalog": "",
            "comment": "Terraform managed schema",
            "data_retention_time_in_days": 1,
            "database": "PROD_STREAMPULSE_STAGING",
            "default_ddl_collation": "",
            "describe_output": [],
            "enable_console_output": false,
            "external_volume": "",
            "fully_qualified_name": "\"PROD_STREAMPULSE_STAGING\".\"RAW\"",
            "id": "\"PROD_STREAMPULSE_STAGING\".\"RAW\"",
            "is_transient": "default",
            "log_level": "OFF",
            "max_data_extension_time_in_days": 14,
            "name": "RAW",
            "parameters": [
              {
                "catalog": [
                  {
                    "default": "",
                    "description": "Name of the catalog integration to use for iceberg tables",
                    "key": "CATALOG",
                    "level": "",
                    "value": ""
                  }
                ],
                "data_retention_time_in_days": [
                  {
                    "default": "1",
                    "description": "number of days to retain the old version of deleted/updated data",
                    "key": "DATA_RETENTION_TIME_IN_DAYS",
                    "level": "DATABASE",
                    "value": "1"
                  }
                ],
                "default_ddl_collation": [
                  {
                    "default": "",
                    "description": "Collation that is used for all the new columns created by the DDL statements (if not specified)",
                    "key": "DEFAULT_DDL_COLLATION",
                    "level": "",
                    "value": ""
                  }
                ],
                "enable_console_output": [
                  {
                    "default": "false",
                    "description": "Enable stdout/stderr fast path logging for anonyous stored procs. This is a public parameter (similar to LOG_LEVEL).",
                    "key": "ENABLE_CONSOLE_OUTPUT",
                    "level": "",
                    "value": "false"
                  }
                ],
                "external_volume": [
                  {
                    "default": "",
                    "description": "Name of an external volume that will be used for persisted Iceberg metadata and data files.",
                    "key": "EXTERNAL_VOLUME",
                    "level": "",
                    "value": ""
                  }
                ],
                "log_level": [
                  {
                    "default": "OFF",
                    "description": "LOG_LEVEL to use when filtering events",
                    "key": "LOG_LEVEL",
                    "level": "",
                    "value": "OFF"
                  }
                ],
                "max_data_extension_time_in_days": [
                  {
                    "default": "14",
                    "description": "Maximum number of days to extend data retention beyond the retention period to prevent a stream becoming stale.",
                    "key": "MAX_DATA_EXTENSION_TIME_IN_DAYS",
                    "level": "",
                    "value": "14"
                  }
                ],
                "pipe_execution_paused": [
                  {
                    "default": "false",
                    "description": "Pause processing of files for a pipe",
                    "key": "PIPE_EXECUTION_PAUSED",
                    "level": "",
                    "value": "false"
                  }
                ],
                "quoted_identifiers_ignore_case": [
                  {
                    "default": "false",
                    "description": "If true, the case of quoted identifiers is ignored",
                    "key": "QUOTED_IDENTIFIERS_IGNORE_CASE",
                    "level": "",
                    "value": "false"
                  }
                ],
                "replace_invalid_characters": [
                  {
                    "default": "false",
                    "description": "Replace invalid UTF-8 characters found in Iceberg table external data files with the Unicode replacement character",
                    "key": "REPLACE_INVALID_CHARACTERS",
                    "level": "",
                    "value": "false"
                  }
                ],
                "storage_serialization_policy": [
                  {
                    "default": "OPTIMIZED",
                    "description": "Storage serialization policy used for managed Iceberg table. This include encodings and compressions",
                    "key": "STORAGE_SERIALIZATION_POLICY",
                    "level": "",
                    "value": "OPTIMIZED"
                  }
                ],
                "suspend_task_after_num_failures": [
                  {
                    "default": "10",
                    "description": "How many times a task must fail in a row before it is automatically suspended. 0 disables auto-suspending.",
                    "key": "SUSPEND_TASK_AFTER_NUM_FAILURES",
                    "level": "",
                    "value": "10"
                  }
                ],
                "task_auto_retry_attempts": [
                  {
                    "default": "0",
                    "description": "Maximum Automatic Retries Allowed For A User Task",
                    "key": "TASK_AUTO_RETRY_ATTEMPTS",
                    "level": "",
                    "value": "0"
                  }
                ],
                "trace_level": [
                  {
                    "default": "OFF",
                    "description": "Trace level value to use when generating/filtering trace events",
                    "key": "TRACE_LEVEL",
                    "level": "",
                    "value": "OFF"
                  }
                ],
                "user_task_managed_initial_warehouse_size": [
                  {
                    "default": "Medium",
                    "description": "The initial size of warehouse to use for managed warehouses in the absence of history",
                    "key": "USER_TASK_MANAGED_INITIAL_WAREHOUSE_SIZE",
                    "level": "",
                    "value": "Medium"
                  }
                ],
                "user_task_minimum_trigger_interval_in_seconds": [
                  {
                    "default": "30",
                    "description": "Minimum amount of time between Triggered Task executions in seconds",
                    "key": "USER_TASK_MINIMUM_TRIGGER_INTERVAL_IN_SECONDS",
                    "level": "",
                    "value": "30"
                  }
                ],
                "user_task_timeout_ms": [
                  {
                    "default": "3600000",
                    "description": "User task execution timeout in milliseconds",
                    "key": "USER_TASK_TIMEOUT_MS",
                    "level": "",
                    "value": "3600000"
                  }
                ]
              }
            ],
            "pipe_execution_paused": false,
            "quoted_identifiers_ignore_case": false,
            "replace_invalid_characters": false,
            "show_output": [
              {
                "comment": "Terraform managed schema",
                "created_on": "2026-05-25 15:32:42.062 +0000 UTC",
                "database_name": "PROD_STREAMPULSE_STAGING",
                "dropped_on": "0001-01-01 00:00:00 +0000 UTC",
                "is_current": true,
                "is_default": false,
                "name": "RAW",
                "options": "",
                "owner": "ACCOUNTADMIN",
                "owner_role_type": "ROLE",
                "retention_time": "1"
              }
            ],
            "storage_serialization_policy": "OPTIMIZED",
            "suspend_task_after_num_failures": 10,
            "task_auto_retry_attempts": 0,
            "trace_level": "OFF",
            "user_task_managed_initial_warehouse_size": "Medium",
            "user_task_minimum_trigger_interval_in_seconds": 30,
            "user_task_timeout_ms": 3600000,
            "with_managed_access": "default"
          },
          "sensitive_attributes": [],
          "identity_schema_version": 0,
          "private": "eyJzY2hlbWFfdmVyc2lvbiI6IjIifQ==",
          "dependencies": [
            "snowflake_database.this"
          ]
        },
        {
          "index_key": "streampulse_staging_staging",
          "schema_version": 2,
          "attributes": {
            "catalog": "",
            "comment": "Terraform managed schema",
            "data_retention_time_in_days": 1,
            "database": "PROD_STREAMPULSE_STAGING",
            "default_ddl_collation": "",
            "describe_output": [],
            "enable_console_output": false,
            "external_volume": "",
            "fully_qualified_name": "\"PROD_STREAMPULSE_STAGING\".\"STAGING\"",
            "id": "\"PROD_STREAMPULSE_STAGING\".\"STAGING\"",
            "is_transient": "default",
            "log_level": "OFF",
            "max_data_extension_time_in_days": 14,
            "name": "STAGING",
            "parameters": [
              {
                "catalog": [
                  {
                    "default": "",
                    "description": "Name of the catalog integration to use for iceberg tables",
                    "key": "CATALOG",
                    "level": "",
                    "value": ""
                  }
                ],
                "data_retention_time_in_days": [
                  {
                    "default": "1",
                    "description": "number of days to retain the old version of deleted/updated data",
                    "key": "DATA_RETENTION_TIME_IN_DAYS",
                    "level": "DATABASE",
                    "value": "1"
                  }
                ],
                "default_ddl_collation": [
                  {
                    "default": "",
                    "description": "Collation that is used for all the new columns created by the DDL statements (if not specified)",
                    "key": "DEFAULT_DDL_COLLATION",
                    "level": "",
                    "value": ""
                  }
                ],
                "enable_console_output": [
                  {
                    "default": "false",
                    "description": "Enable stdout/stderr fast path logging for anonyous stored procs. This is a public parameter (similar to LOG_LEVEL).",
                    "key": "ENABLE_CONSOLE_OUTPUT",
                    "level": "",
                    "value": "false"
                  }
                ],
                "external_volume": [
                  {
                    "default": "",
                    "description": "Name of an external volume that will be used for persisted Iceberg metadata and data files.",
                    "key": "EXTERNAL_VOLUME",
                    "level": "",
                    "value": ""
                  }
                ],
                "log_level": [
                  {
                    "default": "OFF",
                    "description": "LOG_LEVEL to use when filtering events",
                    "key": "LOG_LEVEL",
                    "level": "",
                    "value": "OFF"
                  }
                ],
                "max_data_extension_time_in_days": [
                  {
                    "default": "14",
                    "description": "Maximum number of days to extend data retention beyond the retention period to prevent a stream becoming stale.",
                    "key": "MAX_DATA_EXTENSION_TIME_IN_DAYS",
                    "level": "",
                    "value": "14"
                  }
                ],
                "pipe_execution_paused": [
                  {
                    "default": "false",
                    "description": "Pause processing of files for a pipe",
                    "key": "PIPE_EXECUTION_PAUSED",
                    "level": "",
                    "value": "false"
                  }
                ],
                "quoted_identifiers_ignore_case": [
                  {
                    "default": "false",
                    "description": "If true, the case of quoted identifiers is ignored",
                    "key": "QUOTED_IDENTIFIERS_IGNORE_CASE",
                    "level": "",
                    "value": "false"
                  }
                ],
                "replace_invalid_characters": [
                  {
                    "default": "false",
                    "description": "Replace invalid UTF-8 characters found in Iceberg table external data files with the Unicode replacement character",
                    "key": "REPLACE_INVALID_CHARACTERS",
                    "level": "",
                    "value": "false"
                  }
                ],
                "storage_serialization_policy": [
                  {
                    "default": "OPTIMIZED",
                    "description": "Storage serialization policy used for managed Iceberg table. This include encodings and compressions",
                    "key": "STORAGE_SERIALIZATION_POLICY",
                    "level": "",
                    "value": "OPTIMIZED"
                  }
                ],
                "suspend_task_after_num_failures": [
                  {
                    "default": "10",
                    "description": "How many times a task must fail in a row before it is automatically suspended. 0 disables auto-suspending.",
                    "key": "SUSPEND_TASK_AFTER_NUM_FAILURES",
                    "level": "",
                    "value": "10"
                  }
                ],
                "task_auto_retry_attempts": [
                  {
                    "default": "0",
                    "description": "Maximum Automatic Retries Allowed For A User Task",
                    "key": "TASK_AUTO_RETRY_ATTEMPTS",
                    "level": "",
                    "value": "0"
                  }
                ],
                "trace_level": [
                  {
                    "default": "OFF",
                    "description": "Trace level value to use when generating/filtering trace events",
                    "key": "TRACE_LEVEL",
                    "level": "",
                    "value": "OFF"
                  }
                ],
                "user_task_managed_initial_warehouse_size": [
                  {
                    "default": "Medium",
                    "description": "The initial size of warehouse to use for managed warehouses in the absence of history",
                    "key": "USER_TASK_MANAGED_INITIAL_WAREHOUSE_SIZE",
                    "level": "",
                    "value": "Medium"
                  }
                ],
                "user_task_minimum_trigger_interval_in_seconds": [
                  {
                    "default": "30",
                    "description": "Minimum amount of time between Triggered Task executions in seconds",
                    "key": "USER_TASK_MINIMUM_TRIGGER_INTERVAL_IN_SECONDS",
                    "level": "",
                    "value": "30"
                  }
                ],
                "user_task_timeout_ms": [
                  {
                    "default": "3600000",
                    "description": "User task execution timeout in milliseconds",
                    "key": "USER_TASK_TIMEOUT_MS",
                    "level": "",
                    "value": "3600000"
                  }
                ]
              }
            ],
            "pipe_execution_paused": false,
            "quoted_identifiers_ignore_case": false,
            "replace_invalid_characters": false,
            "show_output": [
              {
                "comment": "Terraform managed schema",
                "created_on": "2026-05-25 15:32:41.802 +0000 UTC",
                "database_name": "PROD_STREAMPULSE_STAGING",
                "dropped_on": "0001-01-01 00:00:00 +0000 UTC",
                "is_current": true,
                "is_default": false,
                "name": "STAGING",
                "options": "",
                "owner": "ACCOUNTADMIN",
                "owner_role_type": "ROLE",
                "retention_time": "1"
              }
            ],
            "storage_serialization_policy": "OPTIMIZED",
            "suspend_task_after_num_failures": 10,
            "task_auto_retry_attempts": 0,
            "trace_level": "OFF",
            "user_task_managed_initial_warehouse_size": "Medium",
            "user_task_minimum_trigger_interval_in_seconds": 30,
            "user_task_timeout_ms": 3600000,
            "with_managed_access": "default"
          },
          "sensitive_attributes": [],
          "identity_schema_version": 0,
          "private": "eyJzY2hlbWFfdmVyc2lvbiI6IjIifQ==",
          "dependencies": [
            "snowflake_database.this"
          ]
        }
      ]
    },
    {
      "mode": "managed",
      "type": "snowflake_warehouse",
      "name": "this",
      "provider": "provider[\"registry.terraform.io/snowflake-labs/snowflake\"]",
      "instances": [
        {
          "index_key": "analytics",
          "schema_version": 1,
          "attributes": {
            "auto_resume": "true",
            "auto_suspend": 300,
            "comment": "Managed by Terraform - prod",
            "enable_query_acceleration": "default",
            "fully_qualified_name": "\"PROD_ANALYTICS_WH\"",
            "id": "PROD_ANALYTICS_WH",
            "initially_suspended": null,
            "max_cluster_count": null,
            "max_concurrency_level": 8,
            "min_cluster_count": null,
            "name": "PROD_ANALYTICS_WH",
            "parameters": [
              {
                "max_concurrency_level": [
                  {
                    "default": "8",
                    "description": "Maximum number of SQL statements a warehouse cluster can execute concurrently before queuing them. Small SQL statements count as a fraction of 1.",
                    "key": "MAX_CONCURRENCY_LEVEL",
                    "level": "",
                    "value": "8"
                  }
                ],
                "statement_queued_timeout_in_seconds": [
                  {
                    "default": "0",
                    "description": "Timeout in seconds for queued statements: statements will automatically be canceled if they are queued on a warehouse for longer than this amount of time; disabled if set to zero.",
                    "key": "STATEMENT_QUEUED_TIMEOUT_IN_SECONDS",
                    "level": "",
                    "value": "0"
                  }
                ],
                "statement_timeout_in_seconds": [
                  {
                    "default": "172800",
                    "description": "Timeout in seconds for statements: statements are automatically canceled if they run for longer; if set to zero, max value (604800) is enforced.",
                    "key": "STATEMENT_TIMEOUT_IN_SECONDS",
                    "level": "",
                    "value": "172800"
                  }
                ]
              }
            ],
            "query_acceleration_max_scale_factor": -1,
            "resource_monitor": "PROD_ANALYTICS_MONITOR",
            "scaling_policy": null,
            "show_output": [
              {
                "auto_resume": true,
                "auto_suspend": 300,
                "available": 0,
                "comment": "Managed by Terraform - prod",
                "created_on": "2026-05-25 15:32:41.356 +0000 UTC",
                "enable_query_acceleration": false,
                "is_current": true,
                "is_default": false,
                "max_cluster_count": 0,
                "min_cluster_count": 0,
                "name": "PROD_ANALYTICS_WH",
                "other": 0,
                "owner": "ACCOUNTADMIN",
                "owner_role_type": "ROLE",
                "provisioning": 0,
                "query_acceleration_max_scale_factor": 0,
                "queued": 0,
                "quiescing": 0,
                "resource_monitor": "PROD_ANALYTICS_MONITOR",
                "resumed_on": "2026-05-25 15:32:41.456 +0000 UTC",
                "running": 0,
                "scaling_policy": "",
                "size": "LARGE",
                "started_clusters": 0,
                "state": "STARTED",
                "type": "STANDARD",
                "updated_on": "2026-05-25 15:32:41.456 +0000 UTC"
              }
            ],
            "statement_queued_timeout_in_seconds": 0,
            "statement_timeout_in_seconds": 172800,
            "warehouse_size": "LARGE",
            "warehouse_type": null
          },
          "sensitive_attributes": [],
          "identity_schema_version": 0,
          "private": "eyJzY2hlbWFfdmVyc2lvbiI6IjEifQ==",
          "dependencies": [
            "snowflake_resource_monitor.this"
          ]
        },
        {
          "index_key": "dev",
          "schema_version": 1,
          "attributes": {
            "auto_resume": "true",
            "auto_suspend": 60,
            "comment": "Managed by Terraform - prod",
            "enable_query_acceleration": "default",
            "fully_qualified_name": "\"PROD_DEV_WH\"",
            "id": "PROD_DEV_WH",
            "initially_suspended": null,
            "max_cluster_count": null,
            "max_concurrency_level": 8,
            "min_cluster_count": null,
            "name": "PROD_DEV_WH",
            "parameters": [
              {
                "max_concurrency_level": [
                  {
                    "default": "8",
                    "description": "Maximum number of SQL statements a warehouse cluster can execute concurrently before queuing them. Small SQL statements count as a fraction of 1.",
                    "key": "MAX_CONCURRENCY_LEVEL",
                    "level": "",
                    "value": "8"
                  }
                ],
                "statement_queued_timeout_in_seconds": [
                  {
                    "default": "0",
                    "description": "Timeout in seconds for queued statements: statements will automatically be canceled if they are queued on a warehouse for longer than this amount of time; disabled if set to zero.",
                    "key": "STATEMENT_QUEUED_TIMEOUT_IN_SECONDS",
                    "level": "",
                    "value": "0"
                  }
                ],
                "statement_timeout_in_seconds": [
                  {
                    "default": "172800",
                    "description": "Timeout in seconds for statements: statements are automatically canceled if they run for longer; if set to zero, max value (604800) is enforced.",
                    "key": "STATEMENT_TIMEOUT_IN_SECONDS",
                    "level": "",
                    "value": "172800"
                  }
                ]
              }
            ],
            "query_acceleration_max_scale_factor": -1,
            "resource_monitor": "PROD_DEV_MONITOR",
            "scaling_policy": null,
            "show_output": [
              {
                "auto_resume": true,
                "auto_suspend": 60,
                "available": 0,
                "comment": "Managed by Terraform - prod",
                "created_on": "2026-05-25 15:32:41.442 +0000 UTC",
                "enable_query_acceleration": false,
                "is_current": true,
                "is_default": false,
                "max_cluster_count": 0,
                "min_cluster_count": 0,
                "name": "PROD_DEV_WH",
                "other": 0,
                "owner": "ACCOUNTADMIN",
                "owner_role_type": "ROLE",
                "provisioning": 0,
                "query_acceleration_max_scale_factor": 0,
                "queued": 0,
                "quiescing": 0,
                "resource_monitor": "PROD_DEV_MONITOR",
                "resumed_on": "2026-05-25 15:32:41.549 +0000 UTC",
                "running": 0,
                "scaling_policy": "",
                "size": "XSMALL",
                "started_clusters": 0,
                "state": "STARTED",
                "type": "STANDARD",
                "updated_on": "2026-05-25 15:32:41.549 +0000 UTC"
              }
            ],
            "statement_queued_timeout_in_seconds": 0,
            "statement_timeout_in_seconds": 172800,
            "warehouse_size": "XSMALL",
            "warehouse_type": null
          },
          "sensitive_attributes": [],
          "identity_schema_version": 0,
          "private": "eyJzY2hlbWFfdmVyc2lvbiI6IjEifQ==",
          "dependencies": [
            "snowflake_resource_monitor.this"
          ]
        },
        {
          "index_key": "loading",
          "schema_version": 1,
          "attributes": {
            "auto_resume": "true",
            "auto_suspend": 300,
            "comment": "Managed by Terraform - prod",
            "enable_query_acceleration": "default",
            "fully_qualified_name": "\"PROD_LOADING_WH\"",
            "id": "PROD_LOADING_WH",
            "initially_suspended": null,
            "max_cluster_count": null,
            "max_concurrency_level": 8,
            "min_cluster_count": null,
            "name": "PROD_LOADING_WH",
            "parameters": [
              {
                "max_concurrency_level": [
                  {
                    "default": "8",
                    "description": "Maximum number of SQL statements a warehouse cluster can execute concurrently before queuing them. Small SQL statements count as a fraction of 1.",
                    "key": "MAX_CONCURRENCY_LEVEL",
                    "level": "",
                    "value": "8"
                  }
                ],
                "statement_queued_timeout_in_seconds": [
                  {
                    "default": "0",
                    "description": "Timeout in seconds for queued statements: statements will automatically be canceled if they are queued on a warehouse for longer than this amount of time; disabled if set to zero.",
                    "key": "STATEMENT_QUEUED_TIMEOUT_IN_SECONDS",
                    "level": "",
                    "value": "0"
                  }
                ],
                "statement_timeout_in_seconds": [
                  {
                    "default": "172800",
                    "description": "Timeout in seconds for statements: statements are automatically canceled if they run for longer; if set to zero, max value (604800) is enforced.",
                    "key": "STATEMENT_TIMEOUT_IN_SECONDS",
                    "level": "",
                    "value": "172800"
                  }
                ]
              }
            ],
            "query_acceleration_max_scale_factor": -1,
            "resource_monitor": "PROD_LOADING_MONITOR",
            "scaling_policy": null,
            "show_output": [
              {
                "auto_resume": true,
                "auto_suspend": 300,
                "available": 0,
                "comment": "Managed by Terraform - prod",
                "created_on": "2026-05-25 15:32:41.451 +0000 UTC",
                "enable_query_acceleration": false,
                "is_current": true,
                "is_default": false,
                "max_cluster_count": 0,
                "min_cluster_count": 0,
                "name": "PROD_LOADING_WH",
                "other": 0,
                "owner": "ACCOUNTADMIN",
                "owner_role_type": "ROLE",
                "provisioning": 0,
                "query_acceleration_max_scale_factor": 0,
                "queued": 0,
                "quiescing": 0,
                "resource_monitor": "PROD_LOADING_MONITOR",
                "resumed_on": "2026-05-25 15:32:41.559 +0000 UTC",
                "running": 0,
                "scaling_policy": "",
                "size": "MEDIUM",
                "started_clusters": 0,
                "state": "STARTED",
                "type": "STANDARD",
                "updated_on": "2026-05-25 15:32:41.559 +0000 UTC"
              }
            ],
            "statement_queued_timeout_in_seconds": 0,
            "statement_timeout_in_seconds": 172800,
            "warehouse_size": "MEDIUM",
            "warehouse_type": null
          },
          "sensitive_attributes": [],
          "identity_schema_version": 0,
          "private": "eyJzY2hlbWFfdmVyc2lvbiI6IjEifQ==",
          "dependencies": [
            "snowflake_resource_monitor.this"
          ]
        },
        {
          "index_key": "reporting",
          "schema_version": 1,
          "attributes": {
            "auto_resume": "true",
            "auto_suspend": 300,
            "comment": "Managed by Terraform - prod",
            "enable_query_acceleration": "default",
            "fully_qualified_name": "\"PROD_REPORTING_WH\"",
            "id": "PROD_REPORTING_WH",
            "initially_suspended": null,
            "max_cluster_count": null,
            "max_concurrency_level": 8,
            "min_cluster_count": null,
            "name": "PROD_REPORTING_WH",
            "parameters": [
              {
                "max_concurrency_level": [
                  {
                    "default": "8",
                    "description": "Maximum number of SQL statements a warehouse cluster can execute concurrently before queuing them. Small SQL statements count as a fraction of 1.",
                    "key": "MAX_CONCURRENCY_LEVEL",
                    "level": "",
                    "value": "8"
                  }
                ],
                "statement_queued_timeout_in_seconds": [
                  {
                    "default": "0",
                    "description": "Timeout in seconds for queued statements: statements will automatically be canceled if they are queued on a warehouse for longer than this amount of time; disabled if set to zero.",
                    "key": "STATEMENT_QUEUED_TIMEOUT_IN_SECONDS",
                    "level": "",
                    "value": "0"
                  }
                ],
                "statement_timeout_in_seconds": [
                  {
                    "default": "172800",
                    "description": "Timeout in seconds for statements: statements are automatically canceled if they run for longer; if set to zero, max value (604800) is enforced.",
                    "key": "STATEMENT_TIMEOUT_IN_SECONDS",
                    "level": "",
                    "value": "172800"
                  }
                ]
              }
            ],
            "query_acceleration_max_scale_factor": -1,
            "resource_monitor": "PROD_ANALYTICS_MONITOR",
            "scaling_policy": null,
            "show_output": [
              {
                "auto_resume": true,
                "auto_suspend": 300,
                "available": 0,
                "comment": "Managed by Terraform - prod",
                "created_on": "2026-05-25 15:32:41.486 +0000 UTC",
                "enable_query_acceleration": false,
                "is_current": true,
                "is_default": false,
                "max_cluster_count": 0,
                "min_cluster_count": 0,
                "name": "PROD_REPORTING_WH",
                "other": 0,
                "owner": "ACCOUNTADMIN",
                "owner_role_type": "ROLE",
                "provisioning": 0,
                "query_acceleration_max_scale_factor": 0,
                "queued": 0,
                "quiescing": 0,
                "resource_monitor": "PROD_ANALYTICS_MONITOR",
                "resumed_on": "2026-05-25 15:32:41.486 +0000 UTC",
                "running": 0,
                "scaling_policy": "",
                "size": "SMALL",
                "started_clusters": 0,
                "state": "RESUMING",
                "type": "STANDARD",
                "updated_on": "2026-05-25 15:32:41.513 +0000 UTC"
              }
            ],
            "statement_queued_timeout_in_seconds": 0,
            "statement_timeout_in_seconds": 172800,
            "warehouse_size": "SMALL",
            "warehouse_type": null
          },
          "sensitive_attributes": [],
          "identity_schema_version": 0,
          "private": "eyJzY2hlbWFfdmVyc2lvbiI6IjEifQ==",
          "dependencies": [
            "snowflake_resource_monitor.this"
          ]
        },
        {
          "index_key": "transform",
          "schema_version": 1,
          "attributes": {
            "auto_resume": "true",
            "auto_suspend": 300,
            "comment": "Managed by Terraform - prod",
            "enable_query_acceleration": "default",
            "fully_qualified_name": "\"PROD_TRANSFORM_WH\"",
            "id": "PROD_TRANSFORM_WH",
            "initially_suspended": null,
            "max_cluster_count": null,
            "max_concurrency_level": 8,
            "min_cluster_count": null,
            "name": "PROD_TRANSFORM_WH",
            "parameters": [
              {
                "max_concurrency_level": [
                  {
                    "default": "8",
                    "description": "Maximum number of SQL statements a warehouse cluster can execute concurrently before queuing them. Small SQL statements count as a fraction of 1.",
                    "key": "MAX_CONCURRENCY_LEVEL",
                    "level": "",
                    "value": "8"
                  }
                ],
                "statement_queued_timeout_in_seconds": [
                  {
                    "default": "0",
                    "description": "Timeout in seconds for queued statements: statements will automatically be canceled if they are queued on a warehouse for longer than this amount of time; disabled if set to zero.",
                    "key": "STATEMENT_QUEUED_TIMEOUT_IN_SECONDS",
                    "level": "",
                    "value": "0"
                  }
                ],
                "statement_timeout_in_seconds": [
                  {
                    "default": "172800",
                    "description": "Timeout in seconds for statements: statements are automatically canceled if they run for longer; if set to zero, max value (604800) is enforced.",
                    "key": "STATEMENT_TIMEOUT_IN_SECONDS",
                    "level": "",
                    "value": "172800"
                  }
                ]
              }
            ],
            "query_acceleration_max_scale_factor": -1,
            "resource_monitor": "PROD_ANALYTICS_MONITOR",
            "scaling_policy": null,
            "show_output": [
              {
                "auto_resume": true,
                "auto_suspend": 300,
                "available": 0,
                "comment": "Managed by Terraform - prod",
                "created_on": "2026-05-25 15:32:41.415 +0000 UTC",
                "enable_query_acceleration": false,
                "is_current": true,
                "is_default": false,
                "max_cluster_count": 0,
                "min_cluster_count": 0,
                "name": "PROD_TRANSFORM_WH",
                "other": 0,
                "owner": "ACCOUNTADMIN",
                "owner_role_type": "ROLE",
                "provisioning": 0,
                "query_acceleration_max_scale_factor": 0,
                "queued": 0,
                "quiescing": 0,
                "resource_monitor": "PROD_ANALYTICS_MONITOR",
                "resumed_on": "2026-05-25 15:32:41.415 +0000 UTC",
                "running": 0,
                "scaling_policy": "",
                "size": "LARGE",
                "started_clusters": 0,
                "state": "STARTED",
                "type": "STANDARD",
                "updated_on": "2026-05-25 15:32:41.44 +0000 UTC"
              }
            ],
            "statement_queued_timeout_in_seconds": 0,
            "statement_timeout_in_seconds": 172800,
            "warehouse_size": "LARGE",
            "warehouse_type": null
          },
          "sensitive_attributes": [],
          "identity_schema_version": 0,
          "private": "eyJzY2hlbWFfdmVyc2lvbiI6IjEifQ==",
          "dependencies": [
            "snowflake_resource_monitor.this"
          ]
        }
      ]
    }
  ],
  "check_results": [
    {
      "object_kind": "var",
      "config_addr": "var.environment",
      "status": "pass",
      "objects": [
        {
          "object_addr": "var.environment",
          "status": "pass"
        }
      ]
    }
  ]
}
